// !$*UTF8*$!
{
	archiveVersion = 1;
	classes = {
	};
	objectVersion = 50;
	objects = {

/* Begin PBXBuildFile section */
		271061FA24A341BD00F9B730 /* ComicDetailViewController.swift in Sources */ = {isa = PBXBuildFile; fileRef = 271061F924A341BD00F9B730 /* ComicDetailViewController.swift */; };
		2711C679248B1AF600B34BF4 /* CollectionViewLayoutGenerator.swift in Sources */ = {isa = PBXBuildFile; fileRef = 2711C678248B1AF600B34BF4 /* CollectionViewLayoutGenerator.swift */; };
		2711C67D248BFAED00B34BF4 /* SearchResultsViewController.swift in Sources */ = {isa = PBXBuildFile; fileRef = 2711C67C248BFAED00B34BF4 /* SearchResultsViewController.swift */; };
		2711C681248C181E00B34BF4 /* Event.swift in Sources */ = {isa = PBXBuildFile; fileRef = 2711C680248C181E00B34BF4 /* Event.swift */; };
		2711C689248C4F8100B34BF4 /* TitleReusableView.swift in Sources */ = {isa = PBXBuildFile; fileRef = 2711C688248C4F8100B34BF4 /* TitleReusableView.swift */; };
		271221F924A41FEB0048F90F /* ResourceRequestManager.swift in Sources */ = {isa = PBXBuildFile; fileRef = 271221F824A41FEB0048F90F /* ResourceRequestManager.swift */; };
		2728FD65249EED0200998F43 /* token.json in Resources */ = {isa = PBXBuildFile; fileRef = 2728FD64249EED0200998F43 /* token.json */; };
		272B3B95248A527100E8F09A /* UserFriendlyError.swift in Sources */ = {isa = PBXBuildFile; fileRef = 272B3B94248A527100E8F09A /* UserFriendlyError.swift */; };
		272B3BA1248A54B600E8F09A /* Debouncer.swift in Sources */ = {isa = PBXBuildFile; fileRef = 272B3BA0248A54B600E8F09A /* Debouncer.swift */; };
		272B3BA6248A570C00E8F09A /* SearchReusableView.swift in Sources */ = {isa = PBXBuildFile; fileRef = 272B3BA5248A570C00E8F09A /* SearchReusableView.swift */; };
		272B3BAA248A577C00E8F09A /* HeroDetailViewModel.swift in Sources */ = {isa = PBXBuildFile; fileRef = 272B3BA9248A577C00E8F09A /* HeroDetailViewModel.swift */; };
		272B3BB0248A5BEB00E8F09A /* LoaderReusableView.swift in Sources */ = {isa = PBXBuildFile; fileRef = 272B3BAF248A5BEB00E8F09A /* LoaderReusableView.swift */; };
		2731F4982C402D560050AB63 /* Request.swift in Sources */ = {isa = PBXBuildFile; fileRef = 2731F4972C402D560050AB63 /* Request.swift */; };
		2731F49A2C402E550050AB63 /* RequestLoaderError.swift in Sources */ = {isa = PBXBuildFile; fileRef = 2731F4992C402E550050AB63 /* RequestLoaderError.swift */; };
		2731F49C2C4039E30050AB63 /* DictionaryExtensions.swift in Sources */ = {isa = PBXBuildFile; fileRef = 2731F49B2C4039E30050AB63 /* DictionaryExtensions.swift */; };
		273E14722489FD7000F7E9A1 /* CharacterRequest.swift in Sources */ = {isa = PBXBuildFile; fileRef = 273E14712489FD7000F7E9A1 /* CharacterRequest.swift */; };
		273E14752489FDC100F7E9A1 /* NetworkModel.swift in Sources */ = {isa = PBXBuildFile; fileRef = 273E14742489FDC000F7E9A1 /* NetworkModel.swift */; };
		273E14772489FDF200F7E9A1 /* Query.swift in Sources */ = {isa = PBXBuildFile; fileRef = 273E14762489FDF200F7E9A1 /* Query.swift */; };
		273E14792489FE9800F7E9A1 /* Character.swift in Sources */ = {isa = PBXBuildFile; fileRef = 273E14782489FE9800F7E9A1 /* Character.swift */; };
		273E147C2489FEF000F7E9A1 /* CharacterRequestTests.swift in Sources */ = {isa = PBXBuildFile; fileRef = 273E147B2489FEF000F7E9A1 /* CharacterRequestTests.swift */; };
		2746F668248A087D0064A8AC /* RequestLoader.swift in Sources */ = {isa = PBXBuildFile; fileRef = 2746F667248A087D0064A8AC /* RequestLoader.swift */; };
		2746F66A248A092C0064A8AC /* RequestLoaderTests.swift in Sources */ = {isa = PBXBuildFile; fileRef = 2746F669248A092C0064A8AC /* RequestLoaderTests.swift */; };
		2746F66C248A094D0064A8AC /* MockURLProtocol.swift in Sources */ = {isa = PBXBuildFile; fileRef = 2746F66B248A094D0064A8AC /* MockURLProtocol.swift */; };
		2746F66F248A0AAF0064A8AC /* CharacterTests.swift in Sources */ = {isa = PBXBuildFile; fileRef = 2746F66E248A0AAF0064A8AC /* CharacterTests.swift */; };
		2746F671248A0E440064A8AC /* NetworkModelTests.swift in Sources */ = {isa = PBXBuildFile; fileRef = 2746F670248A0E440064A8AC /* NetworkModelTests.swift */; };
		2746F673248A135B0064A8AC /* QueryTests.swift in Sources */ = {isa = PBXBuildFile; fileRef = 2746F672248A135B0064A8AC /* QueryTests.swift */; };
		2746F675248A1D7C0064A8AC /* Server.swift in Sources */ = {isa = PBXBuildFile; fileRef = 2746F674248A1D7C0064A8AC /* Server.swift */; };
		2746F67A248A1F510064A8AC /* ServerTests.swift in Sources */ = {isa = PBXBuildFile; fileRef = 2746F679248A1F510064A8AC /* ServerTests.swift */; };
		2746F67D248A22210064A8AC /* Disk.swift in Sources */ = {isa = PBXBuildFile; fileRef = 2746F67C248A22210064A8AC /* Disk.swift */; };
		275BBEAA24A2AA0400ECF477 /* ComicDetailViewModel.swift in Sources */ = {isa = PBXBuildFile; fileRef = 275BBEA924A2AA0400ECF477 /* ComicDetailViewModel.swift */; };
		277F5790249A04690025E327 /* MainTabbarController.swift in Sources */ = {isa = PBXBuildFile; fileRef = 277F578F249A04690025E327 /* MainTabbarController.swift */; };
		277F5792249A04790025E327 /* Store.swift in Sources */ = {isa = PBXBuildFile; fileRef = 277F5791249A04790025E327 /* Store.swift */; };
		277F5798249A04B10025E327 /* FavoriteHeroesController.swift in Sources */ = {isa = PBXBuildFile; fileRef = 277F5793249A04B00025E327 /* FavoriteHeroesController.swift */; };
		277F5799249A04B10025E327 /* Heroes.xcdatamodeld in Sources */ = {isa = PBXBuildFile; fileRef = 277F5794249A04B10025E327 /* Heroes.xcdatamodeld */; };
		277F579A249A04B10025E327 /* ImageObject.swift in Sources */ = {isa = PBXBuildFile; fileRef = 277F5796249A04B10025E327 /* ImageObject.swift */; };
		277F579B249A04B10025E327 /* CharacterObject.swift in Sources */ = {isa = PBXBuildFile; fileRef = 277F5797249A04B10025E327 /* CharacterObject.swift */; };
		277F579D249A056E0025E327 /* UIViewController.swift in Sources */ = {isa = PBXBuildFile; fileRef = 277F579C249A056E0025E327 /* UIViewController.swift */; };
		277F579F249A079F0025E327 /* HeroDataSource.swift in Sources */ = {isa = PBXBuildFile; fileRef = 277F579E249A079F0025E327 /* HeroDataSource.swift */; };
		277F57A5249A097E0025E327 /* FavoritesCollectionViewController.swift in Sources */ = {isa = PBXBuildFile; fileRef = 277F57A3249A097E0025E327 /* FavoritesCollectionViewController.swift */; };
		277F57A6249A097E0025E327 /* FavoritesViewControllerModel.swift in Sources */ = {isa = PBXBuildFile; fileRef = 277F57A4249A097E0025E327 /* FavoritesViewControllerModel.swift */; };
		277F57A8249A0A500025E327 /* StateChangeMessage.swift in Sources */ = {isa = PBXBuildFile; fileRef = 277F57A7249A0A500025E327 /* StateChangeMessage.swift */; };
		27809FDF249AD646002B8858 /* DisplayableResource.swift in Sources */ = {isa = PBXBuildFile; fileRef = 27809FDE249AD646002B8858 /* DisplayableResource.swift */; };
		27809FE3249B725D002B8858 /* ArrayExtensions.swift in Sources */ = {isa = PBXBuildFile; fileRef = 27809FE2249B725D002B8858 /* ArrayExtensions.swift */; };
		27809FE6249B8EF5002B8858 /* Image.swift in Sources */ = {isa = PBXBuildFile; fileRef = 27809FE5249B8EF5002B8858 /* Image.swift */; };
		27809FE8249B8F16002B8858 /* Url.swift in Sources */ = {isa = PBXBuildFile; fileRef = 27809FE7249B8F16002B8858 /* Url.swift */; };
		278EEEA1248C604D00E1D080 /* ComicCell.swift in Sources */ = {isa = PBXBuildFile; fileRef = 278EEEA0248C604D00E1D080 /* ComicCell.swift */; };
		278EEEA3248D8A9900E1D080 /* Serie.swift in Sources */ = {isa = PBXBuildFile; fileRef = 278EEEA2248D8A9900E1D080 /* Serie.swift */; };
		278EEEA5248D8ABC00E1D080 /* Storie.swift in Sources */ = {isa = PBXBuildFile; fileRef = 278EEEA4248D8ABC00E1D080 /* Storie.swift */; };
		278EEEAA248D915600E1D080 /* ResourceCell.swift in Sources */ = {isa = PBXBuildFile; fileRef = 278EEEA9248D915600E1D080 /* ResourceCell.swift */; };
		278EEEAE248E351400E1D080 /* SearchResultsViewModel.swift in Sources */ = {isa = PBXBuildFile; fileRef = 278EEEAD248E351300E1D080 /* SearchResultsViewModel.swift */; };
		279DB0F524A1F38D003D84DC /* CharacterRequestManager.swift in Sources */ = {isa = PBXBuildFile; fileRef = 279DB0F424A1F38D003D84DC /* CharacterRequestManager.swift */; };
		27A7119F249D6BDB0043E64C /* ImageFetchOperation.swift in Sources */ = {isa = PBXBuildFile; fileRef = 27A7119D249D6BDB0043E64C /* ImageFetchOperation.swift */; };
		27A711A0249D6BDB0043E64C /* ImageFetcher.swift in Sources */ = {isa = PBXBuildFile; fileRef = 27A7119E249D6BDB0043E64C /* ImageFetcher.swift */; };
		27AF43E62486E42A0055788E /* HashedItem.swift in Sources */ = {isa = PBXBuildFile; fileRef = 27AF43E52486E42A0055788E /* HashedItem.swift */; };
		27AF43E82486E5740055788E /* HashedItemTests.swift in Sources */ = {isa = PBXBuildFile; fileRef = 27AF43E72486E5740055788E /* HashedItemTests.swift */; };
		27B3EBFE2486E01700391E83 /* KeychainItem.swift in Sources */ = {isa = PBXBuildFile; fileRef = 27B3EBFD2486E01700391E83 /* KeychainItem.swift */; };
		27B3EC012486E0F700391E83 /* KeychainItemTests.swift in Sources */ = {isa = PBXBuildFile; fileRef = 27B3EC002486E0F700391E83 /* KeychainItemTests.swift */; };
		27C841E724A39E4400681BA5 /* Price.swift in Sources */ = {isa = PBXBuildFile; fileRef = 27C841E624A39E4400681BA5 /* Price.swift */; };
		27C841E924A39EC600681BA5 /* DateContainer.swift in Sources */ = {isa = PBXBuildFile; fileRef = 27C841E824A39EC600681BA5 /* DateContainer.swift */; };
		27C841EB24A3FAFD00681BA5 /* Theme.swift in Sources */ = {isa = PBXBuildFile; fileRef = 27C841EA24A3FAFD00681BA5 /* Theme.swift */; };
		27C9828A248F4BD200A5151E /* HeroListViewController.swift in Sources */ = {isa = PBXBuildFile; fileRef = 27C98289248F4BD100A5151E /* HeroListViewController.swift */; };
		27C9828C248F4C0800A5151E /* HeroListViewModel.swift in Sources */ = {isa = PBXBuildFile; fileRef = 27C9828B248F4C0800A5151E /* HeroListViewModel.swift */; };
		27C98290248F4C6000A5151E /* HeroCell.swift in Sources */ = {isa = PBXBuildFile; fileRef = 27C9828E248F4C6000A5151E /* HeroCell.swift */; };
		27C98293248F702400A5151E /* Helpers.swift in Sources */ = {isa = PBXBuildFile; fileRef = 27C98292248F702400A5151E /* Helpers.swift */; };
		27C98295248F902800A5151E /* Comic.swift in Sources */ = {isa = PBXBuildFile; fileRef = 27C98294248F902800A5151E /* Comic.swift */; };
		27CCB2FB24A16BC00047C45B /* ResourceRequest.swift in Sources */ = {isa = PBXBuildFile; fileRef = 27CCB2FA24A16BC00047C45B /* ResourceRequest.swift */; };
		27D61D18248EE57400B26475 /* HeroDetailViewController.swift in Sources */ = {isa = PBXBuildFile; fileRef = 27D61D16248EE57400B26475 /* HeroDetailViewController.swift */; };
		27D61D19248EE57400B26475 /* HeroDetailViewController.xib in Resources */ = {isa = PBXBuildFile; fileRef = 27D61D17248EE57400B26475 /* HeroDetailViewController.xib */; };
		27DA74A42486D43F000B40FE /* AppDelegate.swift in Sources */ = {isa = PBXBuildFile; fileRef = 27DA74A32486D43F000B40FE /* AppDelegate.swift */; };
		27DA74A62486D43F000B40FE /* SceneDelegate.swift in Sources */ = {isa = PBXBuildFile; fileRef = 27DA74A52486D43F000B40FE /* SceneDelegate.swift */; };
		27DA74B02486D440000B40FE /* Assets.xcassets in Resources */ = {isa = PBXBuildFile; fileRef = 27DA74AF2486D440000B40FE /* Assets.xcassets */; };
		27DA74B32486D440000B40FE /* LaunchScreen.storyboard in Resources */ = {isa = PBXBuildFile; fileRef = 27DA74B12486D440000B40FE /* LaunchScreen.storyboard */; };
		27DA74BE2486D440000B40FE /* HeroesTests.swift in Sources */ = {isa = PBXBuildFile; fileRef = 27DA74BD2486D440000B40FE /* HeroesTests.swift */; };
		27DA74C92486D440000B40FE /* HeroesUITests.swift in Sources */ = {isa = PBXBuildFile; fileRef = 27DA74C82486D440000B40FE /* HeroesUITests.swift */; };
/* End PBXBuildFile section */

/* Begin PBXContainerItemProxy section */
		27DA74BA2486D440000B40FE /* PBXContainerItemProxy */ = {
			isa = PBXContainerItemProxy;
			containerPortal = 27DA74982486D43F000B40FE /* Project object */;
			proxyType = 1;
			remoteGlobalIDString = 27DA749F2486D43F000B40FE;
			remoteInfo = Heroes;
		};
		27DA74C52486D440000B40FE /* PBXContainerItemProxy */ = {
			isa = PBXContainerItemProxy;
			containerPortal = 27DA74982486D43F000B40FE /* Project object */;
			proxyType = 1;
			remoteGlobalIDString = 27DA749F2486D43F000B40FE;
			remoteInfo = Heroes;
		};
/* End PBXContainerItemProxy section */

/* Begin PBXFileReference section */
		271061F924A341BD00F9B730 /* ComicDetailViewController.swift */ = {isa = PBXFileReference; fileEncoding = 4; lastKnownFileType = sourcecode.swift; name = ComicDetailViewController.swift; path = Heroes/View/ResourceDetail/ComicDetailViewController.swift; sourceTree = SOURCE_ROOT; };
		2711C678248B1AF600B34BF4 /* CollectionViewLayoutGenerator.swift */ = {isa = PBXFileReference; lastKnownFileType = sourcecode.swift; path = CollectionViewLayoutGenerator.swift; sourceTree = "<group>"; };
		2711C67C248BFAED00B34BF4 /* SearchResultsViewController.swift */ = {isa = PBXFileReference; fileEncoding = 4; lastKnownFileType = sourcecode.swift; path = SearchResultsViewController.swift; sourceTree = "<group>"; };
		2711C680248C181E00B34BF4 /* Event.swift */ = {isa = PBXFileReference; lastKnownFileType = sourcecode.swift; path = Event.swift; sourceTree = "<group>"; };
		2711C688248C4F8100B34BF4 /* TitleReusableView.swift */ = {isa = PBXFileReference; lastKnownFileType = sourcecode.swift; path = TitleReusableView.swift; sourceTree = "<group>"; };
		271221F824A41FEB0048F90F /* ResourceRequestManager.swift */ = {isa = PBXFileReference; fileEncoding = 4; lastKnownFileType = sourcecode.swift; path = ResourceRequestManager.swift; sourceTree = "<group>"; };
		2728FD64249EED0200998F43 /* token.json */ = {isa = PBXFileReference; fileEncoding = 4; lastKnownFileType = text.json; path = token.json; sourceTree = "<group>"; };
		272B3B94248A527100E8F09A /* UserFriendlyError.swift */ = {isa = PBXFileReference; lastKnownFileType = sourcecode.swift; path = UserFriendlyError.swift; sourceTree = "<group>"; };
		272B3BA0248A54B600E8F09A /* Debouncer.swift */ = {isa = PBXFileReference; lastKnownFileType = sourcecode.swift; path = Debouncer.swift; sourceTree = "<group>"; };
		272B3BA5248A570C00E8F09A /* SearchReusableView.swift */ = {isa = PBXFileReference; lastKnownFileType = sourcecode.swift; path = SearchReusableView.swift; sourceTree = "<group>"; };
		272B3BA9248A577C00E8F09A /* HeroDetailViewModel.swift */ = {isa = PBXFileReference; lastKnownFileType = sourcecode.swift; path = HeroDetailViewModel.swift; sourceTree = "<group>"; };
		272B3BAF248A5BEB00E8F09A /* LoaderReusableView.swift */ = {isa = PBXFileReference; lastKnownFileType = sourcecode.swift; path = LoaderReusableView.swift; sourceTree = "<group>"; };
		2731F4972C402D560050AB63 /* Request.swift */ = {isa = PBXFileReference; lastKnownFileType = sourcecode.swift; path = Request.swift; sourceTree = "<group>"; };
		2731F4992C402E550050AB63 /* RequestLoaderError.swift */ = {isa = PBXFileReference; lastKnownFileType = sourcecode.swift; path = RequestLoaderError.swift; sourceTree = "<group>"; };
		2731F49B2C4039E30050AB63 /* DictionaryExtensions.swift */ = {isa = PBXFileReference; lastKnownFileType = sourcecode.swift; path = DictionaryExtensions.swift; sourceTree = "<group>"; };
		273E14712489FD7000F7E9A1 /* CharacterRequest.swift */ = {isa = PBXFileReference; lastKnownFileType = sourcecode.swift; path = CharacterRequest.swift; sourceTree = "<group>"; };
		273E14742489FDC000F7E9A1 /* NetworkModel.swift */ = {isa = PBXFileReference; lastKnownFileType = sourcecode.swift; path = NetworkModel.swift; sourceTree = "<group>"; };
		273E14762489FDF200F7E9A1 /* Query.swift */ = {isa = PBXFileReference; lastKnownFileType = sourcecode.swift; path = Query.swift; sourceTree = "<group>"; };
		273E14782489FE9800F7E9A1 /* Character.swift */ = {isa = PBXFileReference; lastKnownFileType = sourcecode.swift; path = Character.swift; sourceTree = "<group>"; };
		273E147B2489FEF000F7E9A1 /* CharacterRequestTests.swift */ = {isa = PBXFileReference; lastKnownFileType = sourcecode.swift; path = CharacterRequestTests.swift; sourceTree = "<group>"; };
		2746F667248A087D0064A8AC /* RequestLoader.swift */ = {isa = PBXFileReference; lastKnownFileType = sourcecode.swift; path = RequestLoader.swift; sourceTree = "<group>"; };
		2746F669248A092C0064A8AC /* RequestLoaderTests.swift */ = {isa = PBXFileReference; lastKnownFileType = sourcecode.swift; path = RequestLoaderTests.swift; sourceTree = "<group>"; };
		2746F66B248A094D0064A8AC /* MockURLProtocol.swift */ = {isa = PBXFileReference; lastKnownFileType = sourcecode.swift; path = MockURLProtocol.swift; sourceTree = "<group>"; };
		2746F66E248A0AAF0064A8AC /* CharacterTests.swift */ = {isa = PBXFileReference; lastKnownFileType = sourcecode.swift; path = CharacterTests.swift; sourceTree = "<group>"; };
		2746F670248A0E440064A8AC /* NetworkModelTests.swift */ = {isa = PBXFileReference; lastKnownFileType = sourcecode.swift; path = NetworkModelTests.swift; sourceTree = "<group>"; };
		2746F672248A135B0064A8AC /* QueryTests.swift */ = {isa = PBXFileReference; lastKnownFileType = sourcecode.swift; path = QueryTests.swift; sourceTree = "<group>"; };
		2746F674248A1D7C0064A8AC /* Server.swift */ = {isa = PBXFileReference; lastKnownFileType = sourcecode.swift; path = Server.swift; sourceTree = "<group>"; };
		2746F679248A1F510064A8AC /* ServerTests.swift */ = {isa = PBXFileReference; lastKnownFileType = sourcecode.swift; path = ServerTests.swift; sourceTree = "<group>"; };
		2746F67C248A22210064A8AC /* Disk.swift */ = {isa = PBXFileReference; lastKnownFileType = sourcecode.swift; path = Disk.swift; sourceTree = "<group>"; };
		275BBEA924A2AA0400ECF477 /* ComicDetailViewModel.swift */ = {isa = PBXFileReference; fileEncoding = 4; lastKnownFileType = sourcecode.swift; path = ComicDetailViewModel.swift; sourceTree = "<group>"; };
		277F578F249A04690025E327 /* MainTabbarController.swift */ = {isa = PBXFileReference; fileEncoding = 4; lastKnownFileType = sourcecode.swift; path = MainTabbarController.swift; sourceTree = "<group>"; };
		277F5791249A04790025E327 /* Store.swift */ = {isa = PBXFileReference; fileEncoding = 4; lastKnownFileType = sourcecode.swift; path = Store.swift; sourceTree = "<group>"; };
		277F5793249A04B00025E327 /* FavoriteHeroesController.swift */ = {isa = PBXFileReference; fileEncoding = 4; lastKnownFileType = sourcecode.swift; path = FavoriteHeroesController.swift; sourceTree = "<group>"; };
		277F5795249A04B10025E327 /* Heroes.xcdatamodel */ = {isa = PBXFileReference; lastKnownFileType = wrapper.xcdatamodel; path = Heroes.xcdatamodel; sourceTree = "<group>"; };
		277F5796249A04B10025E327 /* ImageObject.swift */ = {isa = PBXFileReference; fileEncoding = 4; lastKnownFileType = sourcecode.swift; path = ImageObject.swift; sourceTree = "<group>"; };
		277F5797249A04B10025E327 /* CharacterObject.swift */ = {isa = PBXFileReference; fileEncoding = 4; lastKnownFileType = sourcecode.swift; path = CharacterObject.swift; sourceTree = "<group>"; };
		277F579C249A056E0025E327 /* UIViewController.swift */ = {isa = PBXFileReference; fileEncoding = 4; lastKnownFileType = sourcecode.swift; name = UIViewController.swift; path = Heroes/Helpers/UIViewController.swift; sourceTree = SOURCE_ROOT; };
		277F579E249A079F0025E327 /* HeroDataSource.swift */ = {isa = PBXFileReference; fileEncoding = 4; lastKnownFileType = sourcecode.swift; path = HeroDataSource.swift; sourceTree = "<group>"; };
		277F57A3249A097E0025E327 /* FavoritesCollectionViewController.swift */ = {isa = PBXFileReference; fileEncoding = 4; lastKnownFileType = sourcecode.swift; path = FavoritesCollectionViewController.swift; sourceTree = "<group>"; };
		277F57A4249A097E0025E327 /* FavoritesViewControllerModel.swift */ = {isa = PBXFileReference; fileEncoding = 4; lastKnownFileType = sourcecode.swift; path = FavoritesViewControllerModel.swift; sourceTree = "<group>"; };
		277F57A7249A0A500025E327 /* StateChangeMessage.swift */ = {isa = PBXFileReference; fileEncoding = 4; lastKnownFileType = sourcecode.swift; path = StateChangeMessage.swift; sourceTree = "<group>"; };
		27809FDE249AD646002B8858 /* DisplayableResource.swift */ = {isa = PBXFileReference; fileEncoding = 4; lastKnownFileType = sourcecode.swift; path = DisplayableResource.swift; sourceTree = "<group>"; };
		27809FE2249B725D002B8858 /* ArrayExtensions.swift */ = {isa = PBXFileReference; lastKnownFileType = sourcecode.swift; path = ArrayExtensions.swift; sourceTree = "<group>"; };
		27809FE5249B8EF5002B8858 /* Image.swift */ = {isa = PBXFileReference; lastKnownFileType = sourcecode.swift; path = Image.swift; sourceTree = "<group>"; };
		27809FE7249B8F16002B8858 /* Url.swift */ = {isa = PBXFileReference; lastKnownFileType = sourcecode.swift; path = Url.swift; sourceTree = "<group>"; };
		278EEEA0248C604D00E1D080 /* ComicCell.swift */ = {isa = PBXFileReference; lastKnownFileType = sourcecode.swift; path = ComicCell.swift; sourceTree = "<group>"; };
		278EEEA2248D8A9900E1D080 /* Serie.swift */ = {isa = PBXFileReference; lastKnownFileType = sourcecode.swift; path = Serie.swift; sourceTree = "<group>"; };
		278EEEA4248D8ABC00E1D080 /* Storie.swift */ = {isa = PBXFileReference; lastKnownFileType = sourcecode.swift; path = Storie.swift; sourceTree = "<group>"; };
		278EEEA9248D915600E1D080 /* ResourceCell.swift */ = {isa = PBXFileReference; lastKnownFileType = sourcecode.swift; path = ResourceCell.swift; sourceTree = "<group>"; };
		278EEEAD248E351300E1D080 /* SearchResultsViewModel.swift */ = {isa = PBXFileReference; fileEncoding = 4; lastKnownFileType = sourcecode.swift; path = SearchResultsViewModel.swift; sourceTree = "<group>"; };
		279DB0F424A1F38D003D84DC /* CharacterRequestManager.swift */ = {isa = PBXFileReference; lastKnownFileType = sourcecode.swift; path = CharacterRequestManager.swift; sourceTree = "<group>"; };
		27A7119D249D6BDB0043E64C /* ImageFetchOperation.swift */ = {isa = PBXFileReference; fileEncoding = 4; lastKnownFileType = sourcecode.swift; path = ImageFetchOperation.swift; sourceTree = "<group>"; };
		27A7119E249D6BDB0043E64C /* ImageFetcher.swift */ = {isa = PBXFileReference; fileEncoding = 4; lastKnownFileType = sourcecode.swift; path = ImageFetcher.swift; sourceTree = "<group>"; };
		27AF43E52486E42A0055788E /* HashedItem.swift */ = {isa = PBXFileReference; lastKnownFileType = sourcecode.swift; path = HashedItem.swift; sourceTree = "<group>"; };
		27AF43E72486E5740055788E /* HashedItemTests.swift */ = {isa = PBXFileReference; lastKnownFileType = sourcecode.swift; path = HashedItemTests.swift; sourceTree = "<group>"; };
		27B3EBFD2486E01700391E83 /* KeychainItem.swift */ = {isa = PBXFileReference; lastKnownFileType = sourcecode.swift; path = KeychainItem.swift; sourceTree = "<group>"; };
		27B3EC002486E0F700391E83 /* KeychainItemTests.swift */ = {isa = PBXFileReference; lastKnownFileType = sourcecode.swift; path = KeychainItemTests.swift; sourceTree = "<group>"; };
		27C841E624A39E4400681BA5 /* Price.swift */ = {isa = PBXFileReference; lastKnownFileType = sourcecode.swift; path = Price.swift; sourceTree = "<group>"; };
		27C841E824A39EC600681BA5 /* DateContainer.swift */ = {isa = PBXFileReference; lastKnownFileType = sourcecode.swift; path = DateContainer.swift; sourceTree = "<group>"; };
		27C841EA24A3FAFD00681BA5 /* Theme.swift */ = {isa = PBXFileReference; lastKnownFileType = sourcecode.swift; path = Theme.swift; sourceTree = "<group>"; };
		27C98289248F4BD100A5151E /* HeroListViewController.swift */ = {isa = PBXFileReference; fileEncoding = 4; lastKnownFileType = sourcecode.swift; path = HeroListViewController.swift; sourceTree = "<group>"; };
		27C9828B248F4C0800A5151E /* HeroListViewModel.swift */ = {isa = PBXFileReference; fileEncoding = 4; lastKnownFileType = sourcecode.swift; path = HeroListViewModel.swift; sourceTree = "<group>"; };
		27C9828E248F4C6000A5151E /* HeroCell.swift */ = {isa = PBXFileReference; fileEncoding = 4; lastKnownFileType = sourcecode.swift; path = HeroCell.swift; sourceTree = "<group>"; };
		27C98292248F702400A5151E /* Helpers.swift */ = {isa = PBXFileReference; lastKnownFileType = sourcecode.swift; path = Helpers.swift; sourceTree = "<group>"; };
		27C98294248F902800A5151E /* Comic.swift */ = {isa = PBXFileReference; fileEncoding = 4; lastKnownFileType = sourcecode.swift; path = Comic.swift; sourceTree = "<group>"; };
		27CCB2FA24A16BC00047C45B /* ResourceRequest.swift */ = {isa = PBXFileReference; lastKnownFileType = sourcecode.swift; path = ResourceRequest.swift; sourceTree = "<group>"; };
		27D61D16248EE57400B26475 /* HeroDetailViewController.swift */ = {isa = PBXFileReference; lastKnownFileType = sourcecode.swift; path = HeroDetailViewController.swift; sourceTree = "<group>"; };
		27D61D17248EE57400B26475 /* HeroDetailViewController.xib */ = {isa = PBXFileReference; lastKnownFileType = file.xib; path = HeroDetailViewController.xib; sourceTree = "<group>"; };
		27DA74A02486D43F000B40FE /* Heroes.app */ = {isa = PBXFileReference; explicitFileType = wrapper.application; includeInIndex = 0; path = Heroes.app; sourceTree = BUILT_PRODUCTS_DIR; };
		27DA74A32486D43F000B40FE /* AppDelegate.swift */ = {isa = PBXFileReference; lastKnownFileType = sourcecode.swift; path = AppDelegate.swift; sourceTree = "<group>"; };
		27DA74A52486D43F000B40FE /* SceneDelegate.swift */ = {isa = PBXFileReference; lastKnownFileType = sourcecode.swift; path = SceneDelegate.swift; sourceTree = "<group>"; };
		27DA74AF2486D440000B40FE /* Assets.xcassets */ = {isa = PBXFileReference; lastKnownFileType = folder.assetcatalog; path = Assets.xcassets; sourceTree = "<group>"; };
		27DA74B22486D440000B40FE /* Base */ = {isa = PBXFileReference; lastKnownFileType = file.storyboard; name = Base; path = Base.lproj/LaunchScreen.storyboard; sourceTree = "<group>"; };
		27DA74B42486D440000B40FE /* Info.plist */ = {isa = PBXFileReference; lastKnownFileType = text.plist.xml; path = Info.plist; sourceTree = "<group>"; };
		27DA74B92486D440000B40FE /* HeroesTests.xctest */ = {isa = PBXFileReference; explicitFileType = wrapper.cfbundle; includeInIndex = 0; path = HeroesTests.xctest; sourceTree = BUILT_PRODUCTS_DIR; };
		27DA74BD2486D440000B40FE /* HeroesTests.swift */ = {isa = PBXFileReference; lastKnownFileType = sourcecode.swift; path = HeroesTests.swift; sourceTree = "<group>"; };
		27DA74BF2486D440000B40FE /* Info.plist */ = {isa = PBXFileReference; lastKnownFileType = text.plist.xml; path = Info.plist; sourceTree = "<group>"; };
		27DA74C42486D440000B40FE /* HeroesUITests.xctest */ = {isa = PBXFileReference; explicitFileType = wrapper.cfbundle; includeInIndex = 0; path = HeroesUITests.xctest; sourceTree = BUILT_PRODUCTS_DIR; };
		27DA74C82486D440000B40FE /* HeroesUITests.swift */ = {isa = PBXFileReference; lastKnownFileType = sourcecode.swift; path = HeroesUITests.swift; sourceTree = "<group>"; };
		27DA74CA2486D440000B40FE /* Info.plist */ = {isa = PBXFileReference; lastKnownFileType = text.plist.xml; path = Info.plist; sourceTree = "<group>"; };
/* End PBXFileReference section */

/* Begin PBXFrameworksBuildPhase section */
		27DA749D2486D43F000B40FE /* Frameworks */ = {
			isa = PBXFrameworksBuildPhase;
			buildActionMask = 2147483647;
			files = (
			);
			runOnlyForDeploymentPostprocessing = 0;
		};
		27DA74B62486D440000B40FE /* Frameworks */ = {
			isa = PBXFrameworksBuildPhase;
			buildActionMask = 2147483647;
			files = (
			);
			runOnlyForDeploymentPostprocessing = 0;
		};
		27DA74C12486D440000B40FE /* Frameworks */ = {
			isa = PBXFrameworksBuildPhase;
			buildActionMask = 2147483647;
			files = (
			);
			runOnlyForDeploymentPostprocessing = 0;
		};
/* End PBXFrameworksBuildPhase section */

/* Begin PBXGroup section */
		271221FA24A41FF70048F90F /* ResourceRequest */ = {
			isa = PBXGroup;
			children = (
				271221F824A41FEB0048F90F /* ResourceRequestManager.swift */,
				27CCB2FA24A16BC00047C45B /* ResourceRequest.swift */,
			);
			path = ResourceRequest;
			sourceTree = "<group>";
		};
		271221FB24A420020048F90F /* CharacterRequest */ = {
			isa = PBXGroup;
			children = (
				273E14712489FD7000F7E9A1 /* CharacterRequest.swift */,
				279DB0F424A1F38D003D84DC /* CharacterRequestManager.swift */,
			);
			path = CharacterRequest;
			sourceTree = "<group>";
		};
		272B3B96248A53AA00E8F09A /* ImageFetcher */ = {
			isa = PBXGroup;
			children = (
				27A7119E249D6BDB0043E64C /* ImageFetcher.swift */,
				27A7119D249D6BDB0043E64C /* ImageFetchOperation.swift */,
			);
			path = ImageFetcher;
			sourceTree = "<group>";
		};
		272B3B9B248A541E00E8F09A /* SearchResults */ = {
			isa = PBXGroup;
			children = (
				2711C67C248BFAED00B34BF4 /* SearchResultsViewController.swift */,
				278EEEAD248E351300E1D080 /* SearchResultsViewModel.swift */,
			);
			path = SearchResults;
			sourceTree = "<group>";
		};
		272B3BA2248A555100E8F09A /* Persistence */ = {
			isa = PBXGroup;
			children = (
				277F5797249A04B10025E327 /* CharacterObject.swift */,
				277F5793249A04B00025E327 /* FavoriteHeroesController.swift */,
				277F5796249A04B10025E327 /* ImageObject.swift */,
				277F5791249A04790025E327 /* Store.swift */,
				277F5794249A04B10025E327 /* Heroes.xcdatamodeld */,
			);
			path = Persistence;
			sourceTree = "<group>";
		};
		272B3BAB248A578100E8F09A /* HeroDetail */ = {
			isa = PBXGroup;
			children = (
				272B3BA9248A577C00E8F09A /* HeroDetailViewModel.swift */,
				27D61D16248EE57400B26475 /* HeroDetailViewController.swift */,
				27D61D17248EE57400B26475 /* HeroDetailViewController.xib */,
			);
			path = HeroDetail;
			sourceTree = "<group>";
		};
		272B3BAE248A5BA000E8F09A /* CollectionViewReusable */ = {
			isa = PBXGroup;
			children = (
				272B3BA5248A570C00E8F09A /* SearchReusableView.swift */,
				272B3BAF248A5BEB00E8F09A /* LoaderReusableView.swift */,
				2711C688248C4F8100B34BF4 /* TitleReusableView.swift */,
			);
			path = CollectionViewReusable;
			sourceTree = "<group>";
		};
		273E14732489FD8D00F7E9A1 /* Model */ = {
			isa = PBXGroup;
			children = (
				273E14782489FE9800F7E9A1 /* Character.swift */,
				27809FE5249B8EF5002B8858 /* Image.swift */,
				27809FE7249B8F16002B8858 /* Url.swift */,
				27C98294248F902800A5151E /* Comic.swift */,
				27C841E824A39EC600681BA5 /* DateContainer.swift */,
				27C841E624A39E4400681BA5 /* Price.swift */,
				2711C680248C181E00B34BF4 /* Event.swift */,
				278EEEA2248D8A9900E1D080 /* Serie.swift */,
				278EEEA4248D8ABC00E1D080 /* Storie.swift */,
				273E14762489FDF200F7E9A1 /* Query.swift */,
				273E14742489FDC000F7E9A1 /* NetworkModel.swift */,
				27809FDE249AD646002B8858 /* DisplayableResource.swift */,
				27B45E61249BBA62006C1CDC /* State */,
			);
			path = Model;
			sourceTree = "<group>";
		};
		273E147A2489FEAE00F7E9A1 /* NetworkTests */ = {
			isa = PBXGroup;
			children = (
				2746F679248A1F510064A8AC /* ServerTests.swift */,
				2746F66B248A094D0064A8AC /* MockURLProtocol.swift */,
				2746F669248A092C0064A8AC /* RequestLoaderTests.swift */,
				273E147B2489FEF000F7E9A1 /* CharacterRequestTests.swift */,
			);
			path = NetworkTests;
			sourceTree = "<group>";
		};
		2746F66D248A0AA00064A8AC /* ModelTests */ = {
			isa = PBXGroup;
			children = (
				2746F66E248A0AAF0064A8AC /* CharacterTests.swift */,
				2746F670248A0E440064A8AC /* NetworkModelTests.swift */,
				2746F672248A135B0064A8AC /* QueryTests.swift */,
			);
			path = ModelTests;
			sourceTree = "<group>";
		};
		2746F67B248A22120064A8AC /* Helpers */ = {
			isa = PBXGroup;
			children = (
				272B3BAE248A5BA000E8F09A /* CollectionViewReusable */,
				27809FE4249B740E002B8858 /* PropertyWrappers */,
				2746F67C248A22210064A8AC /* Disk.swift */,
				272B3BA0248A54B600E8F09A /* Debouncer.swift */,
				2711C678248B1AF600B34BF4 /* CollectionViewLayoutGenerator.swift */,
				277F579C249A056E0025E327 /* UIViewController.swift */,
				27C98292248F702400A5151E /* Helpers.swift */,
				27C841EA24A3FAFD00681BA5 /* Theme.swift */,
				2731F49B2C4039E30050AB63 /* DictionaryExtensions.swift */,
				27809FE2249B725D002B8858 /* ArrayExtensions.swift */,
			);
			path = Helpers;
			sourceTree = "<group>";
		};
		2746F682248A45C00064A8AC /* View */ = {
			isa = PBXGroup;
			children = (
				277F578C249A044F0025E327 /* MainTabbar */,
				2746F689248A46C70064A8AC /* HeroList */,
				277F57A2249A097E0025E327 /* FavoritesView */,
				272B3B9B248A541E00E8F09A /* SearchResults */,
				272B3BAB248A578100E8F09A /* HeroDetail */,
				27CCB2FC24A16DA10047C45B /* ResourceDetail */,
				278EEEA8248D8D2500E1D080 /* Cells */,
			);
			path = View;
			sourceTree = "<group>";
		};
		2746F689248A46C70064A8AC /* HeroList */ = {
			isa = PBXGroup;
			children = (
				27C9828B248F4C0800A5151E /* HeroListViewModel.swift */,
				27C98289248F4BD100A5151E /* HeroListViewController.swift */,
				277F579E249A079F0025E327 /* HeroDataSource.swift */,
			);
			path = HeroList;
			sourceTree = "<group>";
		};
		277F578C249A044F0025E327 /* MainTabbar */ = {
			isa = PBXGroup;
			children = (
				277F578F249A04690025E327 /* MainTabbarController.swift */,
			);
			path = MainTabbar;
			sourceTree = "<group>";
		};
		277F57A2249A097E0025E327 /* FavoritesView */ = {
			isa = PBXGroup;
			children = (
				277F57A3249A097E0025E327 /* FavoritesCollectionViewController.swift */,
				277F57A4249A097E0025E327 /* FavoritesViewControllerModel.swift */,
			);
			path = FavoritesView;
			sourceTree = "<group>";
		};
		27809FE4249B740E002B8858 /* PropertyWrappers */ = {
			isa = PBXGroup;
			children = (
				27B3EBFD2486E01700391E83 /* KeychainItem.swift */,
				27AF43E52486E42A0055788E /* HashedItem.swift */,
			);
			path = PropertyWrappers;
			sourceTree = "<group>";
		};
		278EEEA8248D8D2500E1D080 /* Cells */ = {
			isa = PBXGroup;
			children = (
				27C9828E248F4C6000A5151E /* HeroCell.swift */,
				278EEEA0248C604D00E1D080 /* ComicCell.swift */,
				278EEEA9248D915600E1D080 /* ResourceCell.swift */,
			);
			path = Cells;
			sourceTree = "<group>";
		};
		27910BE224A3348300A830DF /* ComicDetail */ = {
			isa = PBXGroup;
			children = (
			);
			path = ComicDetail;
			sourceTree = "<group>";
		};
		27B3EBFF2486E0E600391E83 /* PropertyWrapperTests */ = {
			isa = PBXGroup;
			children = (
				27B3EC002486E0F700391E83 /* KeychainItemTests.swift */,
				27AF43E72486E5740055788E /* HashedItemTests.swift */,
			);
			path = PropertyWrapperTests;
			sourceTree = "<group>";
		};
		27B45E61249BBA62006C1CDC /* State */ = {
			isa = PBXGroup;
			children = (
				272B3B94248A527100E8F09A /* UserFriendlyError.swift */,
				277F57A7249A0A500025E327 /* StateChangeMessage.swift */,
			);
			path = State;
			sourceTree = "<group>";
		};
		27CCB2FC24A16DA10047C45B /* ResourceDetail */ = {
			isa = PBXGroup;
			children = (
				27910BE224A3348300A830DF /* ComicDetail */,
				275BBEA924A2AA0400ECF477 /* ComicDetailViewModel.swift */,
				271061F924A341BD00F9B730 /* ComicDetailViewController.swift */,
			);
			path = ResourceDetail;
			sourceTree = "<group>";
		};
		27DA74972486D43F000B40FE = {
			isa = PBXGroup;
			children = (
				27DA74A22486D43F000B40FE /* Heroes */,
				27DA74BC2486D440000B40FE /* HeroesTests */,
				27DA74C72486D440000B40FE /* HeroesUITests */,
				27DA74A12486D43F000B40FE /* Products */,
			);
			sourceTree = "<group>";
		};
		27DA74A12486D43F000B40FE /* Products */ = {
			isa = PBXGroup;
			children = (
				27DA74A02486D43F000B40FE /* Heroes.app */,
				27DA74B92486D440000B40FE /* HeroesTests.xctest */,
				27DA74C42486D440000B40FE /* HeroesUITests.xctest */,
			);
			name = Products;
			sourceTree = "<group>";
		};
		27DA74A22486D43F000B40FE /* Heroes */ = {
			isa = PBXGroup;
			children = (
				2746F682248A45C00064A8AC /* View */,
				273E14732489FD8D00F7E9A1 /* Model */,
				27DA74D62486DA1F000B40FE /* Network */,
				272B3B96248A53AA00E8F09A /* ImageFetcher */,
				272B3BA2248A555100E8F09A /* Persistence */,
				27DA74A32486D43F000B40FE /* AppDelegate.swift */,
				27DA74A52486D43F000B40FE /* SceneDelegate.swift */,
				27DA74AF2486D440000B40FE /* Assets.xcassets */,
				27DA74B12486D440000B40FE /* LaunchScreen.storyboard */,
				2728FD64249EED0200998F43 /* token.json */,
				27DA74B42486D440000B40FE /* Info.plist */,
				2746F67B248A22120064A8AC /* Helpers */,
			);
			path = Heroes;
			sourceTree = "<group>";
		};
		27DA74BC2486D440000B40FE /* HeroesTests */ = {
			isa = PBXGroup;
			children = (
				2746F66D248A0AA00064A8AC /* ModelTests */,
				273E147A2489FEAE00F7E9A1 /* NetworkTests */,
				27B3EBFF2486E0E600391E83 /* PropertyWrapperTests */,
				27DA74BD2486D440000B40FE /* HeroesTests.swift */,
				27DA74BF2486D440000B40FE /* Info.plist */,
			);
			path = HeroesTests;
			sourceTree = "<group>";
		};
		27DA74C72486D440000B40FE /* HeroesUITests */ = {
			isa = PBXGroup;
			children = (
				27DA74C82486D440000B40FE /* HeroesUITests.swift */,
				27DA74CA2486D440000B40FE /* Info.plist */,
			);
			path = HeroesUITests;
			sourceTree = "<group>";
		};
		27DA74D62486DA1F000B40FE /* Network */ = {
			isa = PBXGroup;
			children = (
				2746F674248A1D7C0064A8AC /* Server.swift */,
				2731F4972C402D560050AB63 /* Request.swift */,
				2746F667248A087D0064A8AC /* RequestLoader.swift */,
				2731F4992C402E550050AB63 /* RequestLoaderError.swift */,
				271221FA24A41FF70048F90F /* ResourceRequest */,
				271221FB24A420020048F90F /* CharacterRequest */,
			);
			path = Network;
			sourceTree = "<group>";
		};
/* End PBXGroup section */

/* Begin PBXNativeTarget section */
		27DA749F2486D43F000B40FE /* Heroes */ = {
			isa = PBXNativeTarget;
			buildConfigurationList = 27DA74CD2486D440000B40FE /* Build configuration list for PBXNativeTarget "Heroes" */;
			buildPhases = (
				27DA749C2486D43F000B40FE /* Sources */,
				27DA749D2486D43F000B40FE /* Frameworks */,
				27DA749E2486D43F000B40FE /* Resources */,
			);
			buildRules = (
			);
			dependencies = (
			);
			name = Heroes;
			productName = Heroes;
			productReference = 27DA74A02486D43F000B40FE /* Heroes.app */;
			productType = "com.apple.product-type.application";
		};
		27DA74B82486D440000B40FE /* HeroesTests */ = {
			isa = PBXNativeTarget;
			buildConfigurationList = 27DA74D02486D440000B40FE /* Build configuration list for PBXNativeTarget "HeroesTests" */;
			buildPhases = (
				27DA74B52486D440000B40FE /* Sources */,
				27DA74B62486D440000B40FE /* Frameworks */,
				27DA74B72486D440000B40FE /* Resources */,
			);
			buildRules = (
			);
			dependencies = (
				27DA74BB2486D440000B40FE /* PBXTargetDependency */,
			);
			name = HeroesTests;
			productName = HeroesTests;
			productReference = 27DA74B92486D440000B40FE /* HeroesTests.xctest */;
			productType = "com.apple.product-type.bundle.unit-test";
		};
		27DA74C32486D440000B40FE /* HeroesUITests */ = {
			isa = PBXNativeTarget;
			buildConfigurationList = 27DA74D32486D440000B40FE /* Build configuration list for PBXNativeTarget "HeroesUITests" */;
			buildPhases = (
				27DA74C02486D440000B40FE /* Sources */,
				27DA74C12486D440000B40FE /* Frameworks */,
				27DA74C22486D440000B40FE /* Resources */,
			);
			buildRules = (
			);
			dependencies = (
				27DA74C62486D440000B40FE /* PBXTargetDependency */,
			);
			name = HeroesUITests;
			productName = HeroesUITests;
			productReference = 27DA74C42486D440000B40FE /* HeroesUITests.xctest */;
			productType = "com.apple.product-type.bundle.ui-testing";
		};
/* End PBXNativeTarget section */

/* Begin PBXProject section */
		27DA74982486D43F000B40FE /* Project object */ = {
			isa = PBXProject;
			attributes = {
				LastSwiftUpdateCheck = 1150;
				LastUpgradeCheck = 1150;
				ORGANIZATIONNAME = "Marcos Curvello";
				TargetAttributes = {
					27DA749F2486D43F000B40FE = {
						CreatedOnToolsVersion = 11.5;
					};
					27DA74B82486D440000B40FE = {
						CreatedOnToolsVersion = 11.5;
						TestTargetID = 27DA749F2486D43F000B40FE;
					};
					27DA74C32486D440000B40FE = {
						CreatedOnToolsVersion = 11.5;
						TestTargetID = 27DA749F2486D43F000B40FE;
					};
				};
			};
			buildConfigurationList = 27DA749B2486D43F000B40FE /* Build configuration list for PBXProject "Heroes" */;
			compatibilityVersion = "Xcode 9.3";
			developmentRegion = en;
			hasScannedForEncodings = 0;
			knownRegions = (
				en,
				Base,
			);
			mainGroup = 27DA74972486D43F000B40FE;
			productRefGroup = 27DA74A12486D43F000B40FE /* Products */;
			projectDirPath = "";
			projectRoot = "";
			targets = (
				27DA749F2486D43F000B40FE /* Heroes */,
				27DA74B82486D440000B40FE /* HeroesTests */,
				27DA74C32486D440000B40FE /* HeroesUITests */,
			);
		};
/* End PBXProject section */

/* Begin PBXResourcesBuildPhase section */
		27DA749E2486D43F000B40FE /* Resources */ = {
			isa = PBXResourcesBuildPhase;
			buildActionMask = 2147483647;
			files = (
				27DA74B32486D440000B40FE /* LaunchScreen.storyboard in Resources */,
				27DA74B02486D440000B40FE /* Assets.xcassets in Resources */,
				27D61D19248EE57400B26475 /* HeroDetailViewController.xib in Resources */,
				2728FD65249EED0200998F43 /* token.json in Resources */,
			);
			runOnlyForDeploymentPostprocessing = 0;
		};
		27DA74B72486D440000B40FE /* Resources */ = {
			isa = PBXResourcesBuildPhase;
			buildActionMask = 2147483647;
			files = (
			);
			runOnlyForDeploymentPostprocessing = 0;
		};
		27DA74C22486D440000B40FE /* Resources */ = {
			isa = PBXResourcesBuildPhase;
			buildActionMask = 2147483647;
			files = (
			);
			runOnlyForDeploymentPostprocessing = 0;
		};
/* End PBXResourcesBuildPhase section */

/* Begin PBXSourcesBuildPhase section */
		27DA749C2486D43F000B40FE /* Sources */ = {
			isa = PBXSourcesBuildPhase;
			buildActionMask = 2147483647;
			files = (
				27C9828A248F4BD200A5151E /* HeroListViewController.swift in Sources */,
				278EEEAA248D915600E1D080 /* ResourceCell.swift in Sources */,
				2711C689248C4F8100B34BF4 /* TitleReusableView.swift in Sources */,
				273E14772489FDF200F7E9A1 /* Query.swift in Sources */,
				27AF43E62486E42A0055788E /* HashedItem.swift in Sources */,
				277F5790249A04690025E327 /* MainTabbarController.swift in Sources */,
				277F57A8249A0A500025E327 /* StateChangeMessage.swift in Sources */,
				27809FE8249B8F16002B8858 /* Url.swift in Sources */,
				277F579A249A04B10025E327 /* ImageObject.swift in Sources */,
				2711C681248C181E00B34BF4 /* Event.swift in Sources */,
				277F5799249A04B10025E327 /* Heroes.xcdatamodeld in Sources */,
				271221F924A41FEB0048F90F /* ResourceRequestManager.swift in Sources */,
				2711C67D248BFAED00B34BF4 /* SearchResultsViewController.swift in Sources */,
				277F579D249A056E0025E327 /* UIViewController.swift in Sources */,
				277F57A5249A097E0025E327 /* FavoritesCollectionViewController.swift in Sources */,
				2711C679248B1AF600B34BF4 /* CollectionViewLayoutGenerator.swift in Sources */,
				27CCB2FB24A16BC00047C45B /* ResourceRequest.swift in Sources */,
				27B3EBFE2486E01700391E83 /* KeychainItem.swift in Sources */,
				277F579F249A079F0025E327 /* HeroDataSource.swift in Sources */,
				272B3BAA248A577C00E8F09A /* HeroDetailViewModel.swift in Sources */,
				277F579B249A04B10025E327 /* CharacterObject.swift in Sources */,
				27809FDF249AD646002B8858 /* DisplayableResource.swift in Sources */,
				273E14752489FDC100F7E9A1 /* NetworkModel.swift in Sources */,
				27C9828C248F4C0800A5151E /* HeroListViewModel.swift in Sources */,
				27C98295248F902800A5151E /* Comic.swift in Sources */,
				271061FA24A341BD00F9B730 /* ComicDetailViewController.swift in Sources */,
				2731F49C2C4039E30050AB63 /* DictionaryExtensions.swift in Sources */,
				272B3BB0248A5BEB00E8F09A /* LoaderReusableView.swift in Sources */,
				2731F49A2C402E550050AB63 /* RequestLoaderError.swift in Sources */,
				272B3BA6248A570C00E8F09A /* SearchReusableView.swift in Sources */,
				278EEEA3248D8A9900E1D080 /* Serie.swift in Sources */,
				27809FE3249B725D002B8858 /* ArrayExtensions.swift in Sources */,
				272B3BA1248A54B600E8F09A /* Debouncer.swift in Sources */,
				2731F4982C402D560050AB63 /* Request.swift in Sources */,
				27DA74A42486D43F000B40FE /* AppDelegate.swift in Sources */,
				27A7119F249D6BDB0043E64C /* ImageFetchOperation.swift in Sources */,
				275BBEAA24A2AA0400ECF477 /* ComicDetailViewModel.swift in Sources */,
				273E14792489FE9800F7E9A1 /* Character.swift in Sources */,
				278EEEA5248D8ABC00E1D080 /* Storie.swift in Sources */,
				27D61D18248EE57400B26475 /* HeroDetailViewController.swift in Sources */,
				27A711A0249D6BDB0043E64C /* ImageFetcher.swift in Sources */,
				277F5798249A04B10025E327 /* FavoriteHeroesController.swift in Sources */,
				278EEEA1248C604D00E1D080 /* ComicCell.swift in Sources */,
				27C98290248F4C6000A5151E /* HeroCell.swift in Sources */,
				27C841EB24A3FAFD00681BA5 /* Theme.swift in Sources */,
				27C841E724A39E4400681BA5 /* Price.swift in Sources */,
				27809FE6249B8EF5002B8858 /* Image.swift in Sources */,
				273E14722489FD7000F7E9A1 /* CharacterRequest.swift in Sources */,
				27C98293248F702400A5151E /* Helpers.swift in Sources */,
				279DB0F524A1F38D003D84DC /* CharacterRequestManager.swift in Sources */,
				278EEEAE248E351400E1D080 /* SearchResultsViewModel.swift in Sources */,
				277F57A6249A097E0025E327 /* FavoritesViewControllerModel.swift in Sources */,
				272B3B95248A527100E8F09A /* UserFriendlyError.swift in Sources */,
				27C841E924A39EC600681BA5 /* DateContainer.swift in Sources */,
				277F5792249A04790025E327 /* Store.swift in Sources */,
				2746F668248A087D0064A8AC /* RequestLoader.swift in Sources */,
				2746F67D248A22210064A8AC /* Disk.swift in Sources */,
				2746F675248A1D7C0064A8AC /* Server.swift in Sources */,
				27DA74A62486D43F000B40FE /* SceneDelegate.swift in Sources */,
			);
			runOnlyForDeploymentPostprocessing = 0;
		};
		27DA74B52486D440000B40FE /* Sources */ = {
			isa = PBXSourcesBuildPhase;
			buildActionMask = 2147483647;
			files = (
				2746F671248A0E440064A8AC /* NetworkModelTests.swift in Sources */,
				27B3EC012486E0F700391E83 /* KeychainItemTests.swift in Sources */,
				2746F67A248A1F510064A8AC /* ServerTests.swift in Sources */,
				27DA74BE2486D440000B40FE /* HeroesTests.swift in Sources */,
				2746F66A248A092C0064A8AC /* RequestLoaderTests.swift in Sources */,
				2746F66C248A094D0064A8AC /* MockURLProtocol.swift in Sources */,
				27AF43E82486E5740055788E /* HashedItemTests.swift in Sources */,
				273E147C2489FEF000F7E9A1 /* CharacterRequestTests.swift in Sources */,
				2746F66F248A0AAF0064A8AC /* CharacterTests.swift in Sources */,
				2746F673248A135B0064A8AC /* QueryTests.swift in Sources */,
			);
			runOnlyForDeploymentPostprocessing = 0;
		};
		27DA74C02486D440000B40FE /* Sources */ = {
			isa = PBXSourcesBuildPhase;
			buildActionMask = 2147483647;
			files = (
				27DA74C92486D440000B40FE /* HeroesUITests.swift in Sources */,
			);
			runOnlyForDeploymentPostprocessing = 0;
		};
/* End PBXSourcesBuildPhase section */

/* Begin PBXTargetDependency section */
		27DA74BB2486D440000B40FE /* PBXTargetDependency */ = {
			isa = PBXTargetDependency;
			target = 27DA749F2486D43F000B40FE /* Heroes */;
			targetProxy = 27DA74BA2486D440000B40FE /* PBXContainerItemProxy */;
		};
		27DA74C62486D440000B40FE /* PBXTargetDependency */ = {
			isa = PBXTargetDependency;
			target = 27DA749F2486D43F000B40FE /* Heroes */;
			targetProxy = 27DA74C52486D440000B40FE /* PBXContainerItemProxy */;
		};
/* End PBXTargetDependency section */

/* Begin PBXVariantGroup section */
		27DA74B12486D440000B40FE /* LaunchScreen.storyboard */ = {
			isa = PBXVariantGroup;
			children = (
				27DA74B22486D440000B40FE /* Base */,
			);
			name = LaunchScreen.storyboard;
			sourceTree = "<group>";
		};
/* End PBXVariantGroup section */

/* Begin XCBuildConfiguration section */
		27DA74CB2486D440000B40FE /* Debug */ = {
			isa = XCBuildConfiguration;
			buildSettings = {
				ALWAYS_SEARCH_USER_PATHS = NO;
				CLANG_ANALYZER_NONNULL = YES;
				CLANG_ANALYZER_NUMBER_OBJECT_CONVERSION = YES_AGGRESSIVE;
				CLANG_CXX_LANGUAGE_STANDARD = "gnu++14";
				CLANG_CXX_LIBRARY = "libc++";
				CLANG_ENABLE_MODULES = YES;
				CLANG_ENABLE_OBJC_ARC = YES;
				CLANG_ENABLE_OBJC_WEAK = YES;
				CLANG_WARN_BLOCK_CAPTURE_AUTORELEASING = YES;
				CLANG_WARN_BOOL_CONVERSION = YES;
				CLANG_WARN_COMMA = YES;
				CLANG_WARN_CONSTANT_CONVERSION = YES;
				CLANG_WARN_DEPRECATED_OBJC_IMPLEMENTATIONS = YES;
				CLANG_WARN_DIRECT_OBJC_ISA_USAGE = YES_ERROR;
				CLANG_WARN_DOCUMENTATION_COMMENTS = YES;
				CLANG_WARN_EMPTY_BODY = YES;
				CLANG_WARN_ENUM_CONVERSION = YES;
				CLANG_WARN_INFINITE_RECURSION = YES;
				CLANG_WARN_INT_CONVERSION = YES;
				CLANG_WARN_NON_LITERAL_NULL_CONVERSION = YES;
				CLANG_WARN_OBJC_IMPLICIT_RETAIN_SELF = YES;
				CLANG_WARN_OBJC_LITERAL_CONVERSION = YES;
				CLANG_WARN_OBJC_ROOT_CLASS = YES_ERROR;
				CLANG_WARN_RANGE_LOOP_ANALYSIS = YES;
				CLANG_WARN_STRICT_PROTOTYPES = YES;
				CLANG_WARN_SUSPICIOUS_MOVE = YES;
				CLANG_WARN_UNGUARDED_AVAILABILITY = YES_AGGRESSIVE;
				CLANG_WARN_UNREACHABLE_CODE = YES;
				CLANG_WARN__DUPLICATE_METHOD_MATCH = YES;
				COPY_PHASE_STRIP = NO;
				DEBUG_INFORMATION_FORMAT = dwarf;
				ENABLE_STRICT_OBJC_MSGSEND = YES;
				ENABLE_TESTABILITY = YES;
				GCC_C_LANGUAGE_STANDARD = gnu11;
				GCC_DYNAMIC_NO_PIC = NO;
				GCC_NO_COMMON_BLOCKS = YES;
				GCC_OPTIMIZATION_LEVEL = 0;
				GCC_PREPROCESSOR_DEFINITIONS = (
					"DEBUG=1",
					"$(inherited)",
				);
				GCC_WARN_64_TO_32_BIT_CONVERSION = YES;
				GCC_WARN_ABOUT_RETURN_TYPE = YES_ERROR;
				GCC_WARN_UNDECLARED_SELECTOR = YES;
				GCC_WARN_UNINITIALIZED_AUTOS = YES_AGGRESSIVE;
				GCC_WARN_UNUSED_FUNCTION = YES;
				GCC_WARN_UNUSED_VARIABLE = YES;
				IPHONEOS_DEPLOYMENT_TARGET = 13.5;
				MTL_ENABLE_DEBUG_INFO = INCLUDE_SOURCE;
				MTL_FAST_MATH = YES;
				ONLY_ACTIVE_ARCH = YES;
				SDKROOT = iphoneos;
				SWIFT_ACTIVE_COMPILATION_CONDITIONS = DEBUG;
				SWIFT_OPTIMIZATION_LEVEL = "-Onone";
			};
			name = Debug;
		};
		27DA74CC2486D440000B40FE /* Release */ = {
			isa = XCBuildConfiguration;
			buildSettings = {
				ALWAYS_SEARCH_USER_PATHS = NO;
				CLANG_ANALYZER_NONNULL = YES;
				CLANG_ANALYZER_NUMBER_OBJECT_CONVERSION = YES_AGGRESSIVE;
				CLANG_CXX_LANGUAGE_STANDARD = "gnu++14";
				CLANG_CXX_LIBRARY = "libc++";
				CLANG_ENABLE_MODULES = YES;
				CLANG_ENABLE_OBJC_ARC = YES;
				CLANG_ENABLE_OBJC_WEAK = YES;
				CLANG_WARN_BLOCK_CAPTURE_AUTORELEASING = YES;
				CLANG_WARN_BOOL_CONVERSION = YES;
				CLANG_WARN_COMMA = YES;
				CLANG_WARN_CONSTANT_CONVERSION = YES;
				CLANG_WARN_DEPRECATED_OBJC_IMPLEMENTATIONS = YES;
				CLANG_WARN_DIRECT_OBJC_ISA_USAGE = YES_ERROR;
				CLANG_WARN_DOCUMENTATION_COMMENTS = YES;
				CLANG_WARN_EMPTY_BODY = YES;
				CLANG_WARN_ENUM_CONVERSION = YES;
				CLANG_WARN_INFINITE_RECURSION = YES;
				CLANG_WARN_INT_CONVERSION = YES;
				CLANG_WARN_NON_LITERAL_NULL_CONVERSION = YES;
				CLANG_WARN_OBJC_IMPLICIT_RETAIN_SELF = YES;
				CLANG_WARN_OBJC_LITERAL_CONVERSION = YES;
				CLANG_WARN_OBJC_ROOT_CLASS = YES_ERROR;
				CLANG_WARN_RANGE_LOOP_ANALYSIS = YES;
				CLANG_WARN_STRICT_PROTOTYPES = YES;
				CLANG_WARN_SUSPICIOUS_MOVE = YES;
				CLANG_WARN_UNGUARDED_AVAILABILITY = YES_AGGRESSIVE;
				CLANG_WARN_UNREACHABLE_CODE = YES;
				CLANG_WARN__DUPLICATE_METHOD_MATCH = YES;
				COPY_PHASE_STRIP = NO;
				DEBUG_INFORMATION_FORMAT = "dwarf-with-dsym";
				ENABLE_NS_ASSERTIONS = NO;
				ENABLE_STRICT_OBJC_MSGSEND = YES;
				GCC_C_LANGUAGE_STANDARD = gnu11;
				GCC_NO_COMMON_BLOCKS = YES;
				GCC_WARN_64_TO_32_BIT_CONVERSION = YES;
				GCC_WARN_ABOUT_RETURN_TYPE = YES_ERROR;
				GCC_WARN_UNDECLARED_SELECTOR = YES;
				GCC_WARN_UNINITIALIZED_AUTOS = YES_AGGRESSIVE;
				GCC_WARN_UNUSED_FUNCTION = YES;
				GCC_WARN_UNUSED_VARIABLE = YES;
				IPHONEOS_DEPLOYMENT_TARGET = 13.5;
				MTL_ENABLE_DEBUG_INFO = NO;
				MTL_FAST_MATH = YES;
				SDKROOT = iphoneos;
				SWIFT_COMPILATION_MODE = wholemodule;
				SWIFT_OPTIMIZATION_LEVEL = "-O";
				VALIDATE_PRODUCT = YES;
			};
			name = Release;
		};
		27DA74CE2486D440000B40FE /* Debug */ = {
			isa = XCBuildConfiguration;
			buildSettings = {
				ASSETCATALOG_COMPILER_APPICON_NAME = AppIcon;
				CODE_SIGN_IDENTITY = "Apple Development";
				CODE_SIGN_STYLE = Automatic;
				DEVELOPMENT_TEAM = 54M97Z4Y29;
				INFOPLIST_FILE = Heroes/Info.plist;
				LD_RUNPATH_SEARCH_PATHS = (
					"$(inherited)",
					"@executable_path/Frameworks",
				);
				PRODUCT_BUNDLE_IDENTIFIER = com.marcoscurvello.Heroes;
				PRODUCT_NAME = "$(TARGET_NAME)";
				PROVISIONING_PROFILE_SPECIFIER = "";
				SWIFT_VERSION = 5.0;
				TARGETED_DEVICE_FAMILY = "1,2";
			};
			name = Debug;
		};
		27DA74CF2486D440000B40FE /* Release */ = {
			isa = XCBuildConfiguration;
			buildSettings = {
				ASSETCATALOG_COMPILER_APPICON_NAME = AppIcon;
				CODE_SIGN_IDENTITY = "Apple Development";
				CODE_SIGN_STYLE = Automatic;
				DEVELOPMENT_TEAM = 54M97Z4Y29;
				INFOPLIST_FILE = Heroes/Info.plist;
				LD_RUNPATH_SEARCH_PATHS = (
					"$(inherited)",
					"@executable_path/Frameworks",
				);
				PRODUCT_BUNDLE_IDENTIFIER = com.marcoscurvello.Heroes;
				PRODUCT_NAME = "$(TARGET_NAME)";
				PROVISIONING_PROFILE_SPECIFIER = "";
				SWIFT_VERSION = 5.0;
				TARGETED_DEVICE_FAMILY = "1,2";
			};
			name = Release;
		};
		27DA74D12486D440000B40FE /* Debug */ = {
			isa = XCBuildConfiguration;
			buildSettings = {
				ALWAYS_EMBED_SWIFT_STANDARD_LIBRARIES = YES;
				BUNDLE_LOADER = "$(TEST_HOST)";
				CODE_SIGN_STYLE = Automatic;
				DEVELOPMENT_TEAM = 54M97Z4Y29;
				INFOPLIST_FILE = HeroesTests/Info.plist;
				IPHONEOS_DEPLOYMENT_TARGET = 13.5;
				LD_RUNPATH_SEARCH_PATHS = (
					"$(inherited)",
					"@executable_path/Frameworks",
					"@loader_path/Frameworks",
				);
				PRODUCT_BUNDLE_IDENTIFIER = com.marcoscurvello.heroes.HeroesTests;
				PRODUCT_NAME = "$(TARGET_NAME)";
				SWIFT_VERSION = 5.0;
				TARGETED_DEVICE_FAMILY = "1,2";
				TEST_HOST = "$(BUILT_PRODUCTS_DIR)/Heroes.app/Heroes";
			};
			name = Debug;
		};
		27DA74D22486D440000B40FE /* Release */ = {
			isa = XCBuildConfiguration;
			buildSettings = {
				ALWAYS_EMBED_SWIFT_STANDARD_LIBRARIES = YES;
				BUNDLE_LOADER = "$(TEST_HOST)";
				CODE_SIGN_STYLE = Automatic;
				DEVELOPMENT_TEAM = 54M97Z4Y29;
				INFOPLIST_FILE = HeroesTests/Info.plist;
				IPHONEOS_DEPLOYMENT_TARGET = 13.5;
				LD_RUNPATH_SEARCH_PATHS = (
					"$(inherited)",
					"@executable_path/Frameworks",
					"@loader_path/Frameworks",
				);
				PRODUCT_BUNDLE_IDENTIFIER = com.marcoscurvello.heroes.HeroesTests;
				PRODUCT_NAME = "$(TARGET_NAME)";
				SWIFT_VERSION = 5.0;
				TARGETED_DEVICE_FAMILY = "1,2";
				TEST_HOST = "$(BUILT_PRODUCTS_DIR)/Heroes.app/Heroes";
			};
			name = Release;
		};
		27DA74D42486D440000B40FE /* Debug */ = {
			isa = XCBuildConfiguration;
			buildSettings = {
				ALWAYS_EMBED_SWIFT_STANDARD_LIBRARIES = YES;
				CODE_SIGN_STYLE = Automatic;
				DEVELOPMENT_TEAM = 54M97Z4Y29;
				INFOPLIST_FILE = HeroesUITests/Info.plist;
				LD_RUNPATH_SEARCH_PATHS = (
					"$(inherited)",
					"@executable_path/Frameworks",
					"@loader_path/Frameworks",
				);
				PRODUCT_BUNDLE_IDENTIFIER = com.marcoscurvello.heroes.HeroesUITests;
				PRODUCT_NAME = "$(TARGET_NAME)";
				SWIFT_VERSION = 5.0;
				TARGETED_DEVICE_FAMILY = "1,2";
				TEST_TARGET_NAME = Heroes;
			};
			name = Debug;
		};
		27DA74D52486D440000B40FE /* Release */ = {
			isa = XCBuildConfiguration;
			buildSettings = {
				ALWAYS_EMBED_SWIFT_STANDARD_LIBRARIES = YES;
				CODE_SIGN_STYLE = Automatic;
				DEVELOPMENT_TEAM = 54M97Z4Y29;
				INFOPLIST_FILE = HeroesUITests/Info.plist;
				LD_RUNPATH_SEARCH_PATHS = (
					"$(inherited)",
					"@executable_path/Frameworks",
					"@loader_path/Frameworks",
				);
				PRODUCT_BUNDLE_IDENTIFIER = com.marcoscurvello.heroes.HeroesUITests;
				PRODUCT_NAME = "$(TARGET_NAME)";
				SWIFT_VERSION = 5.0;
				TARGETED_DEVICE_FAMILY = "1,2";
				TEST_TARGET_NAME = Heroes;
			};
			name = Release;
		};
/* End XCBuildConfiguration section */

/* Begin XCConfigurationList section */
		27DA749B2486D43F000B40FE /* Build configuration list for PBXProject "Heroes" */ = {
			isa = XCConfigurationList;
			buildConfigurations = (
				27DA74CB2486D440000B40FE /* Debug */,
				27DA74CC2486D440000B40FE /* Release */,
			);
			defaultConfigurationIsVisible = 0;
			defaultConfigurationName = Release;
		};
		27DA74CD2486D440000B40FE /* Build configuration list for PBXNativeTarget "Heroes" */ = {
			isa = XCConfigurationList;
			buildConfigurations = (
				27DA74CE2486D440000B40FE /* Debug */,
				27DA74CF2486D440000B40FE /* Release */,
			);
			defaultConfigurationIsVisible = 0;
			defaultConfigurationName = Release;
		};
		27DA74D02486D440000B40FE /* Build configuration list for PBXNativeTarget "HeroesTests" */ = {
			isa = XCConfigurationList;
			buildConfigurations = (
				27DA74D12486D440000B40FE /* Debug */,
				27DA74D22486D440000B40FE /* Release */,
			);
			defaultConfigurationIsVisible = 0;
			defaultConfigurationName = Release;
		};
		27DA74D32486D440000B40FE /* Build configuration list for PBXNativeTarget "HeroesUITests" */ = {
			isa = XCConfigurationList;
			buildConfigurations = (
				27DA74D42486D440000B40FE /* Debug */,
				27DA74D52486D440000B40FE /* Release */,
			);
			defaultConfigurationIsVisible = 0;
			defaultConfigurationName = Release;
		};
/* End XCConfigurationList section */

/* Begin XCVersionGroup section */
		277F5794249A04B10025E327 /* Heroes.xcdatamodeld */ = {
			isa = XCVersionGroup;
			children = (
				277F5795249A04B10025E327 /* Heroes.xcdatamodel */,
			);
			currentVersion = 277F5795249A04B10025E327 /* Heroes.xcdatamodel */;
			path = Heroes.xcdatamodeld;
			sourceTree = "<group>";
			versionGroupType = wrapper.xcdatamodel;
		};
/* End XCVersionGroup section */
	};
	rootObject = 27DA74982486D43F000B40FE /* Project object */;
}
