// !$*UTF8*$!
{
	archiveVersion = 1;
	classes = {
	};
	objectVersion = 50;
	objects = {

/* Begin PBXBuildFile section */
		273E14722489FD7000F7E9A1 /* CharacterRequest.swift in Sources */ = {isa = PBXBuildFile; fileRef = 273E14712489FD7000F7E9A1 /* CharacterRequest.swift */; };
		273E14752489FDC100F7E9A1 /* NetworkModel.swift in Sources */ = {isa = PBXBuildFile; fileRef = 273E14742489FDC000F7E9A1 /* NetworkModel.swift */; };
		273E14772489FDF200F7E9A1 /* Query.swift in Sources */ = {isa = PBXBuildFile; fileRef = 273E14762489FDF200F7E9A1 /* Query.swift */; };
		273E14792489FE9800F7E9A1 /* Character.swift in Sources */ = {isa = PBXBuildFile; fileRef = 273E14782489FE9800F7E9A1 /* Character.swift */; };
		273E147C2489FEF000F7E9A1 /* CharacterRequestTests.swift in Sources */ = {isa = PBXBuildFile; fileRef = 273E147B2489FEF000F7E9A1 /* CharacterRequestTests.swift */; };
		2746F668248A087D0064A8AC /* RequestLoader.swift in Sources */ = {isa = PBXBuildFile; fileRef = 2746F667248A087D0064A8AC /* RequestLoader.swift */; };
		2746F66A248A092C0064A8AC /* RequestLoaderTests.swift in Sources */ = {isa = PBXBuildFile; fileRef = 2746F669248A092C0064A8AC /* RequestLoaderTests.swift */; };
		2746F66C248A094D0064A8AC /* MockURLProtocol.swift in Sources */ = {isa = PBXBuildFile; fileRef = 2746F66B248A094D0064A8AC /* MockURLProtocol.swift */; };
		2746F66F248A0AAF0064A8AC /* CharacterTests.swift in Sources */ = {isa = PBXBuildFile; fileRef = 2746F66E248A0AAF0064A8AC /* CharacterTests.swift */; };
		2746F671248A0E440064A8AC /* NetworkModelTests.swift in Sources */ = {isa = PBXBuildFile; fileRef = 2746F670248A0E440064A8AC /* NetworkModelTests.swift */; };
		2746F673248A135B0064A8AC /* QueryTests.swift in Sources */ = {isa = PBXBuildFile; fileRef = 2746F672248A135B0064A8AC /* QueryTests.swift */; };
		2746F675248A1D7C0064A8AC /* Server.swift in Sources */ = {isa = PBXBuildFile; fileRef = 2746F674248A1D7C0064A8AC /* Server.swift */; };
		2746F67A248A1F510064A8AC /* ServerTests.swift in Sources */ = {isa = PBXBuildFile; fileRef = 2746F679248A1F510064A8AC /* ServerTests.swift */; };
		2746F67D248A22210064A8AC /* Disk.swift in Sources */ = {isa = PBXBuildFile; fileRef = 2746F67C248A22210064A8AC /* Disk.swift */; };
		27AF43E62486E42A0055788E /* HashedItem.swift in Sources */ = {isa = PBXBuildFile; fileRef = 27AF43E52486E42A0055788E /* HashedItem.swift */; };
		27AF43E82486E5740055788E /* HashedItemTests.swift in Sources */ = {isa = PBXBuildFile; fileRef = 27AF43E72486E5740055788E /* HashedItemTests.swift */; };
		27B3EBFE2486E01700391E83 /* KeychainItem.swift in Sources */ = {isa = PBXBuildFile; fileRef = 27B3EBFD2486E01700391E83 /* KeychainItem.swift */; };
		27B3EC012486E0F700391E83 /* KeychainItemTests.swift in Sources */ = {isa = PBXBuildFile; fileRef = 27B3EC002486E0F700391E83 /* KeychainItemTests.swift */; };
		27DA74A42486D43F000B40FE /* AppDelegate.swift in Sources */ = {isa = PBXBuildFile; fileRef = 27DA74A32486D43F000B40FE /* AppDelegate.swift */; };
		27DA74A62486D43F000B40FE /* SceneDelegate.swift in Sources */ = {isa = PBXBuildFile; fileRef = 27DA74A52486D43F000B40FE /* SceneDelegate.swift */; };
		27DA74A82486D43F000B40FE /* ViewController.swift in Sources */ = {isa = PBXBuildFile; fileRef = 27DA74A72486D43F000B40FE /* ViewController.swift */; };
		27DA74AB2486D43F000B40FE /* Main.storyboard in Resources */ = {isa = PBXBuildFile; fileRef = 27DA74A92486D43F000B40FE /* Main.storyboard */; };
		27DA74AE2486D43F000B40FE /* Heroes.xcdatamodeld in Sources */ = {isa = PBXBuildFile; fileRef = 27DA74AC2486D43F000B40FE /* Heroes.xcdatamodeld */; };
		27DA74B02486D440000B40FE /* Assets.xcassets in Resources */ = {isa = PBXBuildFile; fileRef = 27DA74AF2486D440000B40FE /* Assets.xcassets */; };
		27DA74B32486D440000B40FE /* LaunchScreen.storyboard in Resources */ = {isa = PBXBuildFile; fileRef = 27DA74B12486D440000B40FE /* LaunchScreen.storyboard */; };
		27DA74BE2486D440000B40FE /* HeroesTests.swift in Sources */ = {isa = PBXBuildFile; fileRef = 27DA74BD2486D440000B40FE /* HeroesTests.swift */; };
		27DA74C92486D440000B40FE /* HeroesUITests.swift in Sources */ = {isa = PBXBuildFile; fileRef = 27DA74C82486D440000B40FE /* HeroesUITests.swift */; };
/* End PBXBuildFile section */

/* Begin PBXContainerItemProxy section */
		27DA74BA2486D440000B40FE /* PBXContainerItemProxy */ = {
			isa = PBXContainerItemProxy;
			containerPortal = 27DA74982486D43F000B40FE /* Project object */;
			proxyType = 1;
			remoteGlobalIDString = 27DA749F2486D43F000B40FE;
			remoteInfo = Heroes;
		};
		27DA74C52486D440000B40FE /* PBXContainerItemProxy */ = {
			isa = PBXContainerItemProxy;
			containerPortal = 27DA74982486D43F000B40FE /* Project object */;
			proxyType = 1;
			remoteGlobalIDString = 27DA749F2486D43F000B40FE;
			remoteInfo = Heroes;
		};
/* End PBXContainerItemProxy section */

/* Begin PBXFileReference section */
		273E14712489FD7000F7E9A1 /* CharacterRequest.swift */ = {isa = PBXFileReference; lastKnownFileType = sourcecode.swift; path = CharacterRequest.swift; sourceTree = "<group>"; };
		273E14742489FDC000F7E9A1 /* NetworkModel.swift */ = {isa = PBXFileReference; lastKnownFileType = sourcecode.swift; path = NetworkModel.swift; sourceTree = "<group>"; };
		273E14762489FDF200F7E9A1 /* Query.swift */ = {isa = PBXFileReference; lastKnownFileType = sourcecode.swift; path = Query.swift; sourceTree = "<group>"; };
		273E14782489FE9800F7E9A1 /* Character.swift */ = {isa = PBXFileReference; lastKnownFileType = sourcecode.swift; path = Character.swift; sourceTree = "<group>"; };
		273E147B2489FEF000F7E9A1 /* CharacterRequestTests.swift */ = {isa = PBXFileReference; lastKnownFileType = sourcecode.swift; path = CharacterRequestTests.swift; sourceTree = "<group>"; };
		2746F667248A087D0064A8AC /* RequestLoader.swift */ = {isa = PBXFileReference; lastKnownFileType = sourcecode.swift; path = RequestLoader.swift; sourceTree = "<group>"; };
		2746F669248A092C0064A8AC /* RequestLoaderTests.swift */ = {isa = PBXFileReference; lastKnownFileType = sourcecode.swift; path = RequestLoaderTests.swift; sourceTree = "<group>"; };
		2746F66B248A094D0064A8AC /* MockURLProtocol.swift */ = {isa = PBXFileReference; lastKnownFileType = sourcecode.swift; path = MockURLProtocol.swift; sourceTree = "<group>"; };
		2746F66E248A0AAF0064A8AC /* CharacterTests.swift */ = {isa = PBXFileReference; lastKnownFileType = sourcecode.swift; path = CharacterTests.swift; sourceTree = "<group>"; };
		2746F670248A0E440064A8AC /* NetworkModelTests.swift */ = {isa = PBXFileReference; lastKnownFileType = sourcecode.swift; path = NetworkModelTests.swift; sourceTree = "<group>"; };
		2746F672248A135B0064A8AC /* QueryTests.swift */ = {isa = PBXFileReference; lastKnownFileType = sourcecode.swift; path = QueryTests.swift; sourceTree = "<group>"; };
		2746F674248A1D7C0064A8AC /* Server.swift */ = {isa = PBXFileReference; lastKnownFileType = sourcecode.swift; path = Server.swift; sourceTree = "<group>"; };
		2746F679248A1F510064A8AC /* ServerTests.swift */ = {isa = PBXFileReference; lastKnownFileType = sourcecode.swift; path = ServerTests.swift; sourceTree = "<group>"; };
		2746F67C248A22210064A8AC /* Disk.swift */ = {isa = PBXFileReference; lastKnownFileType = sourcecode.swift; path = Disk.swift; sourceTree = "<group>"; };
		27AF43E52486E42A0055788E /* HashedItem.swift */ = {isa = PBXFileReference; lastKnownFileType = sourcecode.swift; path = HashedItem.swift; sourceTree = "<group>"; };
		27AF43E72486E5740055788E /* HashedItemTests.swift */ = {isa = PBXFileReference; lastKnownFileType = sourcecode.swift; path = HashedItemTests.swift; sourceTree = "<group>"; };
		27B3EBFD2486E01700391E83 /* KeychainItem.swift */ = {isa = PBXFileReference; lastKnownFileType = sourcecode.swift; path = KeychainItem.swift; sourceTree = "<group>"; };
		27B3EC002486E0F700391E83 /* KeychainItemTests.swift */ = {isa = PBXFileReference; lastKnownFileType = sourcecode.swift; path = KeychainItemTests.swift; sourceTree = "<group>"; };
		27DA74A02486D43F000B40FE /* Heroes.app */ = {isa = PBXFileReference; explicitFileType = wrapper.application; includeInIndex = 0; path = Heroes.app; sourceTree = BUILT_PRODUCTS_DIR; };
		27DA74A32486D43F000B40FE /* AppDelegate.swift */ = {isa = PBXFileReference; lastKnownFileType = sourcecode.swift; path = AppDelegate.swift; sourceTree = "<group>"; };
		27DA74A52486D43F000B40FE /* SceneDelegate.swift */ = {isa = PBXFileReference; lastKnownFileType = sourcecode.swift; path = SceneDelegate.swift; sourceTree = "<group>"; };
		27DA74A72486D43F000B40FE /* ViewController.swift */ = {isa = PBXFileReference; lastKnownFileType = sourcecode.swift; path = ViewController.swift; sourceTree = "<group>"; };
		27DA74AA2486D43F000B40FE /* Base */ = {isa = PBXFileReference; lastKnownFileType = file.storyboard; name = Base; path = Base.lproj/Main.storyboard; sourceTree = "<group>"; };
		27DA74AD2486D43F000B40FE /* Heroes.xcdatamodel */ = {isa = PBXFileReference; lastKnownFileType = wrapper.xcdatamodel; path = Heroes.xcdatamodel; sourceTree = "<group>"; };
		27DA74AF2486D440000B40FE /* Assets.xcassets */ = {isa = PBXFileReference; lastKnownFileType = folder.assetcatalog; path = Assets.xcassets; sourceTree = "<group>"; };
		27DA74B22486D440000B40FE /* Base */ = {isa = PBXFileReference; lastKnownFileType = file.storyboard; name = Base; path = Base.lproj/LaunchScreen.storyboard; sourceTree = "<group>"; };
		27DA74B42486D440000B40FE /* Info.plist */ = {isa = PBXFileReference; lastKnownFileType = text.plist.xml; path = Info.plist; sourceTree = "<group>"; };
		27DA74B92486D440000B40FE /* HeroesTests.xctest */ = {isa = PBXFileReference; explicitFileType = wrapper.cfbundle; includeInIndex = 0; path = HeroesTests.xctest; sourceTree = BUILT_PRODUCTS_DIR; };
		27DA74BD2486D440000B40FE /* HeroesTests.swift */ = {isa = PBXFileReference; lastKnownFileType = sourcecode.swift; path = HeroesTests.swift; sourceTree = "<group>"; };
		27DA74BF2486D440000B40FE /* Info.plist */ = {isa = PBXFileReference; lastKnownFileType = text.plist.xml; path = Info.plist; sourceTree = "<group>"; };
		27DA74C42486D440000B40FE /* HeroesUITests.xctest */ = {isa = PBXFileReference; explicitFileType = wrapper.cfbundle; includeInIndex = 0; path = HeroesUITests.xctest; sourceTree = BUILT_PRODUCTS_DIR; };
		27DA74C82486D440000B40FE /* HeroesUITests.swift */ = {isa = PBXFileReference; lastKnownFileType = sourcecode.swift; path = HeroesUITests.swift; sourceTree = "<group>"; };
		27DA74CA2486D440000B40FE /* Info.plist */ = {isa = PBXFileReference; lastKnownFileType = text.plist.xml; path = Info.plist; sourceTree = "<group>"; };
/* End PBXFileReference section */

/* Begin PBXFrameworksBuildPhase section */
		27DA749D2486D43F000B40FE /* Frameworks */ = {
			isa = PBXFrameworksBuildPhase;
			buildActionMask = 2147483647;
			files = (
			);
			runOnlyForDeploymentPostprocessing = 0;
		};
		27DA74B62486D440000B40FE /* Frameworks */ = {
			isa = PBXFrameworksBuildPhase;
			buildActionMask = 2147483647;
			files = (
			);
			runOnlyForDeploymentPostprocessing = 0;
		};
		27DA74C12486D440000B40FE /* Frameworks */ = {
			isa = PBXFrameworksBuildPhase;
			buildActionMask = 2147483647;
			files = (
			);
			runOnlyForDeploymentPostprocessing = 0;
		};
/* End PBXFrameworksBuildPhase section */

/* Begin PBXGroup section */
		273E14732489FD8D00F7E9A1 /* Model */ = {
			isa = PBXGroup;
			children = (
				273E14762489FDF200F7E9A1 /* Query.swift */,
				273E14782489FE9800F7E9A1 /* Character.swift */,
				273E14742489FDC000F7E9A1 /* NetworkModel.swift */,
			);
			path = Model;
			sourceTree = "<group>";
		};
		273E147A2489FEAE00F7E9A1 /* NetworkTests */ = {
			isa = PBXGroup;
			children = (
				2746F679248A1F510064A8AC /* ServerTests.swift */,
				2746F66B248A094D0064A8AC /* MockURLProtocol.swift */,
				2746F669248A092C0064A8AC /* RequestLoaderTests.swift */,
				273E147B2489FEF000F7E9A1 /* CharacterRequestTests.swift */,
			);
			path = NetworkTests;
			sourceTree = "<group>";
		};
		2746F66D248A0AA00064A8AC /* ModelTests */ = {
			isa = PBXGroup;
			children = (
				2746F66E248A0AAF0064A8AC /* CharacterTests.swift */,
				2746F670248A0E440064A8AC /* NetworkModelTests.swift */,
				2746F672248A135B0064A8AC /* QueryTests.swift */,
			);
			path = ModelTests;
			sourceTree = "<group>";
		};
		2746F67B248A22120064A8AC /* Helpers */ = {
			isa = PBXGroup;
			children = (
				2746F67C248A22210064A8AC /* Disk.swift */,
			);
			path = Helpers;
			sourceTree = "<group>";
		};
		27B3EBFC2486E00900391E83 /* PropertyWrappers */ = {
			isa = PBXGroup;
			children = (
				27B3EBFD2486E01700391E83 /* KeychainItem.swift */,
				27AF43E52486E42A0055788E /* HashedItem.swift */,
			);
			path = PropertyWrappers;
			sourceTree = "<group>";
		};
		27B3EBFF2486E0E600391E83 /* PropertyWrapperTests */ = {
			isa = PBXGroup;
			children = (
				27B3EC002486E0F700391E83 /* KeychainItemTests.swift */,
				27AF43E72486E5740055788E /* HashedItemTests.swift */,
			);
			path = PropertyWrapperTests;
			sourceTree = "<group>";
		};
		27DA74972486D43F000B40FE = {
			isa = PBXGroup;
			children = (
				27DA74A22486D43F000B40FE /* Heroes */,
				27DA74BC2486D440000B40FE /* HeroesTests */,
				27DA74C72486D440000B40FE /* HeroesUITests */,
				27DA74A12486D43F000B40FE /* Products */,
			);
			sourceTree = "<group>";
		};
		27DA74A12486D43F000B40FE /* Products */ = {
			isa = PBXGroup;
			children = (
				27DA74A02486D43F000B40FE /* Heroes.app */,
				27DA74B92486D440000B40FE /* HeroesTests.xctest */,
				27DA74C42486D440000B40FE /* HeroesUITests.xctest */,
			);
			name = Products;
			sourceTree = "<group>";
		};
		27DA74A22486D43F000B40FE /* Heroes */ = {
			isa = PBXGroup;
			children = (
				273E14732489FD8D00F7E9A1 /* Model */,
				27B3EBFC2486E00900391E83 /* PropertyWrappers */,
				27DA74D62486DA1F000B40FE /* Network */,
				27DA74A32486D43F000B40FE /* AppDelegate.swift */,
				27DA74A52486D43F000B40FE /* SceneDelegate.swift */,
				27DA74A72486D43F000B40FE /* ViewController.swift */,
				27DA74A92486D43F000B40FE /* Main.storyboard */,
				27DA74AF2486D440000B40FE /* Assets.xcassets */,
				27DA74B12486D440000B40FE /* LaunchScreen.storyboard */,
				27DA74B42486D440000B40FE /* Info.plist */,
				27DA74AC2486D43F000B40FE /* Heroes.xcdatamodeld */,
				2746F67B248A22120064A8AC /* Helpers */,
			);
			path = Heroes;
			sourceTree = "<group>";
		};
		27DA74BC2486D440000B40FE /* HeroesTests */ = {
			isa = PBXGroup;
			children = (
				2746F66D248A0AA00064A8AC /* ModelTests */,
				273E147A2489FEAE00F7E9A1 /* NetworkTests */,
				27B3EBFF2486E0E600391E83 /* PropertyWrapperTests */,
				27DA74BD2486D440000B40FE /* HeroesTests.swift */,
				27DA74BF2486D440000B40FE /* Info.plist */,
			);
			path = HeroesTests;
			sourceTree = "<group>";
		};
		27DA74C72486D440000B40FE /* HeroesUITests */ = {
			isa = PBXGroup;
			children = (
				27DA74C82486D440000B40FE /* HeroesUITests.swift */,
				27DA74CA2486D440000B40FE /* Info.plist */,
			);
			path = HeroesUITests;
			sourceTree = "<group>";
		};
		27DA74D62486DA1F000B40FE /* Network */ = {
			isa = PBXGroup;
			children = (
				2746F674248A1D7C0064A8AC /* Server.swift */,
				273E14712489FD7000F7E9A1 /* CharacterRequest.swift */,
				2746F667248A087D0064A8AC /* RequestLoader.swift */,
			);
			path = Network;
			sourceTree = "<group>";
		};
/* End PBXGroup section */

/* Begin PBXNativeTarget section */
		27DA749F2486D43F000B40FE /* Heroes */ = {
			isa = PBXNativeTarget;
			buildConfigurationList = 27DA74CD2486D440000B40FE /* Build configuration list for PBXNativeTarget "Heroes" */;
			buildPhases = (
				27DA749C2486D43F000B40FE /* Sources */,
				27DA749D2486D43F000B40FE /* Frameworks */,
				27DA749E2486D43F000B40FE /* Resources */,
			);
			buildRules = (
			);
			dependencies = (
			);
			name = Heroes;
			productName = Heroes;
			productReference = 27DA74A02486D43F000B40FE /* Heroes.app */;
			productType = "com.apple.product-type.application";
		};
		27DA74B82486D440000B40FE /* HeroesTests */ = {
			isa = PBXNativeTarget;
			buildConfigurationList = 27DA74D02486D440000B40FE /* Build configuration list for PBXNativeTarget "HeroesTests" */;
			buildPhases = (
				27DA74B52486D440000B40FE /* Sources */,
				27DA74B62486D440000B40FE /* Frameworks */,
				27DA74B72486D440000B40FE /* Resources */,
			);
			buildRules = (
			);
			dependencies = (
				27DA74BB2486D440000B40FE /* PBXTargetDependency */,
			);
			name = HeroesTests;
			productName = HeroesTests;
			productReference = 27DA74B92486D440000B40FE /* HeroesTests.xctest */;
			productType = "com.apple.product-type.bundle.unit-test";
		};
		27DA74C32486D440000B40FE /* HeroesUITests */ = {
			isa = PBXNativeTarget;
			buildConfigurationList = 27DA74D32486D440000B40FE /* Build configuration list for PBXNativeTarget "HeroesUITests" */;
			buildPhases = (
				27DA74C02486D440000B40FE /* Sources */,
				27DA74C12486D440000B40FE /* Frameworks */,
				27DA74C22486D440000B40FE /* Resources */,
			);
			buildRules = (
			);
			dependencies = (
				27DA74C62486D440000B40FE /* PBXTargetDependency */,
			);
			name = HeroesUITests;
			productName = HeroesUITests;
			productReference = 27DA74C42486D440000B40FE /* HeroesUITests.xctest */;
			productType = "com.apple.product-type.bundle.ui-testing";
		};
/* End PBXNativeTarget section */

/* Begin PBXProject section */
		27DA74982486D43F000B40FE /* Project object */ = {
			isa = PBXProject;
			attributes = {
				LastSwiftUpdateCheck = 1150;
				LastUpgradeCheck = 1150;
				ORGANIZATIONNAME = "Marcos Curvello";
				TargetAttributes = {
					27DA749F2486D43F000B40FE = {
						CreatedOnToolsVersion = 11.5;
					};
					27DA74B82486D440000B40FE = {
						CreatedOnToolsVersion = 11.5;
						TestTargetID = 27DA749F2486D43F000B40FE;
					};
					27DA74C32486D440000B40FE = {
						CreatedOnToolsVersion = 11.5;
						TestTargetID = 27DA749F2486D43F000B40FE;
					};
				};
			};
			buildConfigurationList = 27DA749B2486D43F000B40FE /* Build configuration list for PBXProject "Heroes" */;
			compatibilityVersion = "Xcode 9.3";
			developmentRegion = en;
			hasScannedForEncodings = 0;
			knownRegions = (
				en,
				Base,
			);
			mainGroup = 27DA74972486D43F000B40FE;
			productRefGroup = 27DA74A12486D43F000B40FE /* Products */;
			projectDirPath = "";
			projectRoot = "";
			targets = (
				27DA749F2486D43F000B40FE /* Heroes */,
				27DA74B82486D440000B40FE /* HeroesTests */,
				27DA74C32486D440000B40FE /* HeroesUITests */,
			);
		};
/* End PBXProject section */

/* Begin PBXResourcesBuildPhase section */
		27DA749E2486D43F000B40FE /* Resources */ = {
			isa = PBXResourcesBuildPhase;
			buildActionMask = 2147483647;
			files = (
				27DA74B32486D440000B40FE /* LaunchScreen.storyboard in Resources */,
				27DA74B02486D440000B40FE /* Assets.xcassets in Resources */,
				27DA74AB2486D43F000B40FE /* Main.storyboard in Resources */,
			);
			runOnlyForDeploymentPostprocessing = 0;
		};
		27DA74B72486D440000B40FE /* Resources */ = {
			isa = PBXResourcesBuildPhase;
			buildActionMask = 2147483647;
			files = (
			);
			runOnlyForDeploymentPostprocessing = 0;
		};
		27DA74C22486D440000B40FE /* Resources */ = {
			isa = PBXResourcesBuildPhase;
			buildActionMask = 2147483647;
			files = (
			);
			runOnlyForDeploymentPostprocessing = 0;
		};
/* End PBXResourcesBuildPhase section */

/* Begin PBXSourcesBuildPhase section */
		27DA749C2486D43F000B40FE /* Sources */ = {
			isa = PBXSourcesBuildPhase;
			buildActionMask = 2147483647;
			files = (
				27DA74A82486D43F000B40FE /* ViewController.swift in Sources */,
				273E14772489FDF200F7E9A1 /* Query.swift in Sources */,
				27AF43E62486E42A0055788E /* HashedItem.swift in Sources */,
				27DA74AE2486D43F000B40FE /* Heroes.xcdatamodeld in Sources */,
				27B3EBFE2486E01700391E83 /* KeychainItem.swift in Sources */,
				273E14752489FDC100F7E9A1 /* NetworkModel.swift in Sources */,
				27DA74A42486D43F000B40FE /* AppDelegate.swift in Sources */,
				273E14792489FE9800F7E9A1 /* Character.swift in Sources */,
				273E14722489FD7000F7E9A1 /* CharacterRequest.swift in Sources */,
				2746F668248A087D0064A8AC /* RequestLoader.swift in Sources */,
				2746F67D248A22210064A8AC /* Disk.swift in Sources */,
				2746F675248A1D7C0064A8AC /* Server.swift in Sources */,
				27DA74A62486D43F000B40FE /* SceneDelegate.swift in Sources */,
			);
			runOnlyForDeploymentPostprocessing = 0;
		};
		27DA74B52486D440000B40FE /* Sources */ = {
			isa = PBXSourcesBuildPhase;
			buildActionMask = 2147483647;
			files = (
				2746F671248A0E440064A8AC /* NetworkModelTests.swift in Sources */,
				27B3EC012486E0F700391E83 /* KeychainItemTests.swift in Sources */,
				2746F67A248A1F510064A8AC /* ServerTests.swift in Sources */,
				27DA74BE2486D440000B40FE /* HeroesTests.swift in Sources */,
				2746F66A248A092C0064A8AC /* RequestLoaderTests.swift in Sources */,
				2746F66C248A094D0064A8AC /* MockURLProtocol.swift in Sources */,
				27AF43E82486E5740055788E /* HashedItemTests.swift in Sources */,
				273E147C2489FEF000F7E9A1 /* CharacterRequestTests.swift in Sources */,
				2746F66F248A0AAF0064A8AC /* CharacterTests.swift in Sources */,
				2746F673248A135B0064A8AC /* QueryTests.swift in Sources */,
			);
			runOnlyForDeploymentPostprocessing = 0;
		};
		27DA74C02486D440000B40FE /* Sources */ = {
			isa = PBXSourcesBuildPhase;
			buildActionMask = 2147483647;
			files = (
				27DA74C92486D440000B40FE /* HeroesUITests.swift in Sources */,
			);
			runOnlyForDeploymentPostprocessing = 0;
		};
/* End PBXSourcesBuildPhase section */

/* Begin PBXTargetDependency section */
		27DA74BB2486D440000B40FE /* PBXTargetDependency */ = {
			isa = PBXTargetDependency;
			target = 27DA749F2486D43F000B40FE /* Heroes */;
			targetProxy = 27DA74BA2486D440000B40FE /* PBXContainerItemProxy */;
		};
		27DA74C62486D440000B40FE /* PBXTargetDependency */ = {
			isa = PBXTargetDependency;
			target = 27DA749F2486D43F000B40FE /* Heroes */;
			targetProxy = 27DA74C52486D440000B40FE /* PBXContainerItemProxy */;
		};
/* End PBXTargetDependency section */

/* Begin PBXVariantGroup section */
		27DA74A92486D43F000B40FE /* Main.storyboard */ = {
			isa = PBXVariantGroup;
			children = (
				27DA74AA2486D43F000B40FE /* Base */,
			);
			name = Main.storyboard;
			sourceTree = "<group>";
		};
		27DA74B12486D440000B40FE /* LaunchScreen.storyboard */ = {
			isa = PBXVariantGroup;
			children = (
				27DA74B22486D440000B40FE /* Base */,
			);
			name = LaunchScreen.storyboard;
			sourceTree = "<group>";
		};
/* End PBXVariantGroup section */

/* Begin XCBuildConfiguration section */
		27DA74CB2486D440000B40FE /* Debug */ = {
			isa = XCBuildConfiguration;
			buildSettings = {
				ALWAYS_SEARCH_USER_PATHS = NO;
				CLANG_ANALYZER_NONNULL = YES;
				CLANG_ANALYZER_NUMBER_OBJECT_CONVERSION = YES_AGGRESSIVE;
				CLANG_CXX_LANGUAGE_STANDARD = "gnu++14";
				CLANG_CXX_LIBRARY = "libc++";
				CLANG_ENABLE_MODULES = YES;
				CLANG_ENABLE_OBJC_ARC = YES;
				CLANG_ENABLE_OBJC_WEAK = YES;
				CLANG_WARN_BLOCK_CAPTURE_AUTORELEASING = YES;
				CLANG_WARN_BOOL_CONVERSION = YES;
				CLANG_WARN_COMMA = YES;
				CLANG_WARN_CONSTANT_CONVERSION = YES;
				CLANG_WARN_DEPRECATED_OBJC_IMPLEMENTATIONS = YES;
				CLANG_WARN_DIRECT_OBJC_ISA_USAGE = YES_ERROR;
				CLANG_WARN_DOCUMENTATION_COMMENTS = YES;
				CLANG_WARN_EMPTY_BODY = YES;
				CLANG_WARN_ENUM_CONVERSION = YES;
				CLANG_WARN_INFINITE_RECURSION = YES;
				CLANG_WARN_INT_CONVERSION = YES;
				CLANG_WARN_NON_LITERAL_NULL_CONVERSION = YES;
				CLANG_WARN_OBJC_IMPLICIT_RETAIN_SELF = YES;
				CLANG_WARN_OBJC_LITERAL_CONVERSION = YES;
				CLANG_WARN_OBJC_ROOT_CLASS = YES_ERROR;
				CLANG_WARN_RANGE_LOOP_ANALYSIS = YES;
				CLANG_WARN_STRICT_PROTOTYPES = YES;
				CLANG_WARN_SUSPICIOUS_MOVE = YES;
				CLANG_WARN_UNGUARDED_AVAILABILITY = YES_AGGRESSIVE;
				CLANG_WARN_UNREACHABLE_CODE = YES;
				CLANG_WARN__DUPLICATE_METHOD_MATCH = YES;
				COPY_PHASE_STRIP = NO;
				DEBUG_INFORMATION_FORMAT = dwarf;
				ENABLE_STRICT_OBJC_MSGSEND = YES;
				ENABLE_TESTABILITY = YES;
				GCC_C_LANGUAGE_STANDARD = gnu11;
				GCC_DYNAMIC_NO_PIC = NO;
				GCC_NO_COMMON_BLOCKS = YES;
				GCC_OPTIMIZATION_LEVEL = 0;
				GCC_PREPROCESSOR_DEFINITIONS = (
					"DEBUG=1",
					"$(inherited)",
				);
				GCC_WARN_64_TO_32_BIT_CONVERSION = YES;
				GCC_WARN_ABOUT_RETURN_TYPE = YES_ERROR;
				GCC_WARN_UNDECLARED_SELECTOR = YES;
				GCC_WARN_UNINITIALIZED_AUTOS = YES_AGGRESSIVE;
				GCC_WARN_UNUSED_FUNCTION = YES;
				GCC_WARN_UNUSED_VARIABLE = YES;
				IPHONEOS_DEPLOYMENT_TARGET = 13.5;
				MTL_ENABLE_DEBUG_INFO = INCLUDE_SOURCE;
				MTL_FAST_MATH = YES;
				ONLY_ACTIVE_ARCH = YES;
				SDKROOT = iphoneos;
				SWIFT_ACTIVE_COMPILATION_CONDITIONS = DEBUG;
				SWIFT_OPTIMIZATION_LEVEL = "-Onone";
			};
			name = Debug;
		};
		27DA74CC2486D440000B40FE /* Release */ = {
			isa = XCBuildConfiguration;
			buildSettings = {
				ALWAYS_SEARCH_USER_PATHS = NO;
				CLANG_ANALYZER_NONNULL = YES;
				CLANG_ANALYZER_NUMBER_OBJECT_CONVERSION = YES_AGGRESSIVE;
				CLANG_CXX_LANGUAGE_STANDARD = "gnu++14";
				CLANG_CXX_LIBRARY = "libc++";
				CLANG_ENABLE_MODULES = YES;
				CLANG_ENABLE_OBJC_ARC = YES;
				CLANG_ENABLE_OBJC_WEAK = YES;
				CLANG_WARN_BLOCK_CAPTURE_AUTORELEASING = YES;
				CLANG_WARN_BOOL_CONVERSION = YES;
				CLANG_WARN_COMMA = YES;
				CLANG_WARN_CONSTANT_CONVERSION = YES;
				CLANG_WARN_DEPRECATED_OBJC_IMPLEMENTATIONS = YES;
				CLANG_WARN_DIRECT_OBJC_ISA_USAGE = YES_ERROR;
				CLANG_WARN_DOCUMENTATION_COMMENTS = YES;
				CLANG_WARN_EMPTY_BODY = YES;
				CLANG_WARN_ENUM_CONVERSION = YES;
				CLANG_WARN_INFINITE_RECURSION = YES;
				CLANG_WARN_INT_CONVERSION = YES;
				CLANG_WARN_NON_LITERAL_NULL_CONVERSION = YES;
				CLANG_WARN_OBJC_IMPLICIT_RETAIN_SELF = YES;
				CLANG_WARN_OBJC_LITERAL_CONVERSION = YES;
				CLANG_WARN_OBJC_ROOT_CLASS = YES_ERROR;
				CLANG_WARN_RANGE_LOOP_ANALYSIS = YES;
				CLANG_WARN_STRICT_PROTOTYPES = YES;
				CLANG_WARN_SUSPICIOUS_MOVE = YES;
				CLANG_WARN_UNGUARDED_AVAILABILITY = YES_AGGRESSIVE;
				CLANG_WARN_UNREACHABLE_CODE = YES;
				CLANG_WARN__DUPLICATE_METHOD_MATCH = YES;
				COPY_PHASE_STRIP = NO;
				DEBUG_INFORMATION_FORMAT = "dwarf-with-dsym";
				ENABLE_NS_ASSERTIONS = NO;
				ENABLE_STRICT_OBJC_MSGSEND = YES;
				GCC_C_LANGUAGE_STANDARD = gnu11;
				GCC_NO_COMMON_BLOCKS = YES;
				GCC_WARN_64_TO_32_BIT_CONVERSION = YES;
				GCC_WARN_ABOUT_RETURN_TYPE = YES_ERROR;
				GCC_WARN_UNDECLARED_SELECTOR = YES;
				GCC_WARN_UNINITIALIZED_AUTOS = YES_AGGRESSIVE;
				GCC_WARN_UNUSED_FUNCTION = YES;
				GCC_WARN_UNUSED_VARIABLE = YES;
				IPHONEOS_DEPLOYMENT_TARGET = 13.5;
				MTL_ENABLE_DEBUG_INFO = NO;
				MTL_FAST_MATH = YES;
				SDKROOT = iphoneos;
				SWIFT_COMPILATION_MODE = wholemodule;
				SWIFT_OPTIMIZATION_LEVEL = "-O";
				VALIDATE_PRODUCT = YES;
			};
			name = Release;
		};
		27DA74CE2486D440000B40FE /* Debug */ = {
			isa = XCBuildConfiguration;
			buildSettings = {
				ASSETCATALOG_COMPILER_APPICON_NAME = AppIcon;
				CODE_SIGN_STYLE = Automatic;
				DEVELOPMENT_TEAM = 54M97Z4Y29;
				INFOPLIST_FILE = Heroes/Info.plist;
				LD_RUNPATH_SEARCH_PATHS = (
					"$(inherited)",
					"@executable_path/Frameworks",
				);
				PRODUCT_BUNDLE_IDENTIFIER = com.marcoscurvello.Heroes;
				PRODUCT_NAME = "$(TARGET_NAME)";
				SWIFT_VERSION = 5.0;
				TARGETED_DEVICE_FAMILY = "1,2";
			};
			name = Debug;
		};
		27DA74CF2486D440000B40FE /* Release */ = {
			isa = XCBuildConfiguration;
			buildSettings = {
				ASSETCATALOG_COMPILER_APPICON_NAME = AppIcon;
				CODE_SIGN_STYLE = Automatic;
				DEVELOPMENT_TEAM = 54M97Z4Y29;
				INFOPLIST_FILE = Heroes/Info.plist;
				LD_RUNPATH_SEARCH_PATHS = (
					"$(inherited)",
					"@executable_path/Frameworks",
				);
				PRODUCT_BUNDLE_IDENTIFIER = com.marcoscurvello.Heroes;
				PRODUCT_NAME = "$(TARGET_NAME)";
				SWIFT_VERSION = 5.0;
				TARGETED_DEVICE_FAMILY = "1,2";
			};
			name = Release;
		};
		27DA74D12486D440000B40FE /* Debug */ = {
			isa = XCBuildConfiguration;
			buildSettings = {
				ALWAYS_EMBED_SWIFT_STANDARD_LIBRARIES = YES;
				BUNDLE_LOADER = "$(TEST_HOST)";
				CODE_SIGN_STYLE = Automatic;
				DEVELOPMENT_TEAM = 54M97Z4Y29;
				INFOPLIST_FILE = HeroesTests/Info.plist;
				IPHONEOS_DEPLOYMENT_TARGET = 13.5;
				LD_RUNPATH_SEARCH_PATHS = (
					"$(inherited)",
					"@executable_path/Frameworks",
					"@loader_path/Frameworks",
				);
				PRODUCT_BUNDLE_IDENTIFIER = com.marcoscurvello.heroes.HeroesTests;
				PRODUCT_NAME = "$(TARGET_NAME)";
				SWIFT_VERSION = 5.0;
				TARGETED_DEVICE_FAMILY = "1,2";
				TEST_HOST = "$(BUILT_PRODUCTS_DIR)/Heroes.app/Heroes";
			};
			name = Debug;
		};
		27DA74D22486D440000B40FE /* Release */ = {
			isa = XCBuildConfiguration;
			buildSettings = {
				ALWAYS_EMBED_SWIFT_STANDARD_LIBRARIES = YES;
				BUNDLE_LOADER = "$(TEST_HOST)";
				CODE_SIGN_STYLE = Automatic;
				DEVELOPMENT_TEAM = 54M97Z4Y29;
				INFOPLIST_FILE = HeroesTests/Info.plist;
				IPHONEOS_DEPLOYMENT_TARGET = 13.5;
				LD_RUNPATH_SEARCH_PATHS = (
					"$(inherited)",
					"@executable_path/Frameworks",
					"@loader_path/Frameworks",
				);
				PRODUCT_BUNDLE_IDENTIFIER = com.marcoscurvello.heroes.HeroesTests;
				PRODUCT_NAME = "$(TARGET_NAME)";
				SWIFT_VERSION = 5.0;
				TARGETED_DEVICE_FAMILY = "1,2";
				TEST_HOST = "$(BUILT_PRODUCTS_DIR)/Heroes.app/Heroes";
			};
			name = Release;
		};
		27DA74D42486D440000B40FE /* Debug */ = {
			isa = XCBuildConfiguration;
			buildSettings = {
				ALWAYS_EMBED_SWIFT_STANDARD_LIBRARIES = YES;
				CODE_SIGN_STYLE = Automatic;
				DEVELOPMENT_TEAM = 54M97Z4Y29;
				INFOPLIST_FILE = HeroesUITests/Info.plist;
				LD_RUNPATH_SEARCH_PATHS = (
					"$(inherited)",
					"@executable_path/Frameworks",
					"@loader_path/Frameworks",
				);
				PRODUCT_BUNDLE_IDENTIFIER = com.marcoscurvello.heroes.HeroesUITests;
				PRODUCT_NAME = "$(TARGET_NAME)";
				SWIFT_VERSION = 5.0;
				TARGETED_DEVICE_FAMILY = "1,2";
				TEST_TARGET_NAME = Heroes;
			};
			name = Debug;
		};
		27DA74D52486D440000B40FE /* Release */ = {
			isa = XCBuildConfiguration;
			buildSettings = {
				ALWAYS_EMBED_SWIFT_STANDARD_LIBRARIES = YES;
				CODE_SIGN_STYLE = Automatic;
				DEVELOPMENT_TEAM = 54M97Z4Y29;
				INFOPLIST_FILE = HeroesUITests/Info.plist;
				LD_RUNPATH_SEARCH_PATHS = (
					"$(inherited)",
					"@executable_path/Frameworks",
					"@loader_path/Frameworks",
				);
				PRODUCT_BUNDLE_IDENTIFIER = com.marcoscurvello.heroes.HeroesUITests;
				PRODUCT_NAME = "$(TARGET_NAME)";
				SWIFT_VERSION = 5.0;
				TARGETED_DEVICE_FAMILY = "1,2";
				TEST_TARGET_NAME = Heroes;
			};
			name = Release;
		};
/* End XCBuildConfiguration section */

/* Begin XCConfigurationList section */
		27DA749B2486D43F000B40FE /* Build configuration list for PBXProject "Heroes" */ = {
			isa = XCConfigurationList;
			buildConfigurations = (
				27DA74CB2486D440000B40FE /* Debug */,
				27DA74CC2486D440000B40FE /* Release */,
			);
			defaultConfigurationIsVisible = 0;
			defaultConfigurationName = Release;
		};
		27DA74CD2486D440000B40FE /* Build configuration list for PBXNativeTarget "Heroes" */ = {
			isa = XCConfigurationList;
			buildConfigurations = (
				27DA74CE2486D440000B40FE /* Debug */,
				27DA74CF2486D440000B40FE /* Release */,
			);
			defaultConfigurationIsVisible = 0;
			defaultConfigurationName = Release;
		};
		27DA74D02486D440000B40FE /* Build configuration list for PBXNativeTarget "HeroesTests" */ = {
			isa = XCConfigurationList;
			buildConfigurations = (
				27DA74D12486D440000B40FE /* Debug */,
				27DA74D22486D440000B40FE /* Release */,
			);
			defaultConfigurationIsVisible = 0;
			defaultConfigurationName = Release;
		};
		27DA74D32486D440000B40FE /* Build configuration list for PBXNativeTarget "HeroesUITests" */ = {
			isa = XCConfigurationList;
			buildConfigurations = (
				27DA74D42486D440000B40FE /* Debug */,
				27DA74D52486D440000B40FE /* Release */,
			);
			defaultConfigurationIsVisible = 0;
			defaultConfigurationName = Release;
		};
/* End XCConfigurationList section */

/* Begin XCVersionGroup section */
		27DA74AC2486D43F000B40FE /* Heroes.xcdatamodeld */ = {
			isa = XCVersionGroup;
			children = (
				27DA74AD2486D43F000B40FE /* Heroes.xcdatamodel */,
			);
			currentVersion = 27DA74AD2486D43F000B40FE /* Heroes.xcdatamodel */;
			path = Heroes.xcdatamodeld;
			sourceTree = "<group>";
			versionGroupType = wrapper.xcdatamodel;
		};
/* End XCVersionGroup section */
	};
	rootObject = 27DA74982486D43F000B40FE /* Project object */;
}
